// !$*UTF8*$!
{
	archiveVersion = 1;
	classes = {
	};
	objectVersion = 46;
	objects = {

/* Begin PBXBuildFile section */
		231184308D0834E67342208D /* libPods-aurorafiles.a in Frameworks */ = {isa = PBXBuildFile; fileRef = B0F1B41B1DE75AD14F8DFC9F /* libPods-aurorafiles.a */; };
		6705CC7AF0730C85A80D7FA3 /* libPods-aurorafilesTests.a in Frameworks */ = {isa = PBXBuildFile; fileRef = AFA6B06262B7CEB137E2364D /* libPods-aurorafilesTests.a */; };
		B58C5283746F9C1CBC0FA082 /* libPods-aurorafilesaction.a in Frameworks */ = {isa = PBXBuildFile; fileRef = 0EC9B7C5F92AD71B8DC3A960 /* libPods-aurorafilesaction.a */; };
		B9625021EAA93E0A0537A454 /* libPods-aurorafilesUITests.a in Frameworks */ = {isa = PBXBuildFile; fileRef = 63310C56FD18065C45F790FE /* libPods-aurorafilesUITests.a */; };
		DA37112D1D21EFFA0067B124 /* DownloadsTableViewController.m in Sources */ = {isa = PBXBuildFile; fileRef = DA37112C1D21EFFA0067B124 /* DownloadsTableViewController.m */; };
		DAC1CA391D061D7500238EB5 /* main.m in Sources */ = {isa = PBXBuildFile; fileRef = DAC1CA381D061D7500238EB5 /* main.m */; };
		DAC1CA3C1D061D7500238EB5 /* AppDelegate.m in Sources */ = {isa = PBXBuildFile; fileRef = DAC1CA3B1D061D7500238EB5 /* AppDelegate.m */; };
		DAC1CA421D061D7500238EB5 /* Main.storyboard in Resources */ = {isa = PBXBuildFile; fileRef = DAC1CA401D061D7500238EB5 /* Main.storyboard */; };
		DAC1CA451D061D7500238EB5 /* aurorafiles.xcdatamodeld in Sources */ = {isa = PBXBuildFile; fileRef = DAC1CA431D061D7500238EB5 /* aurorafiles.xcdatamodeld */; };
		DAC1CA471D061D7500238EB5 /* Assets.xcassets in Resources */ = {isa = PBXBuildFile; fileRef = DAC1CA461D061D7500238EB5 /* Assets.xcassets */; };
		DAC1CA551D061D7500238EB5 /* aurorafilesTests.m in Sources */ = {isa = PBXBuildFile; fileRef = DAC1CA541D061D7500238EB5 /* aurorafilesTests.m */; };
		DAC1CA601D061D7500238EB5 /* aurorafilesUITests.m in Sources */ = {isa = PBXBuildFile; fileRef = DAC1CA5F1D061D7500238EB5 /* aurorafilesUITests.m */; };
		DAC1CA761D061EF800238EB5 /* Images.xcassets in Resources */ = {isa = PBXBuildFile; fileRef = DAC1CA751D061EF800238EB5 /* Images.xcassets */; };
		DAC1CAB01D061F1200238EB5 /* API.m in Sources */ = {isa = PBXBuildFile; fileRef = DAC1CA791D061F1200238EB5 /* API.m */; };
		DAC1CAB11D061F1200238EB5 /* UIImage+Aurora.m in Sources */ = {isa = PBXBuildFile; fileRef = DAC1CA7C1D061F1200238EB5 /* UIImage+Aurora.m */; };
		DAC1CAB21D061F1200238EB5 /* KeychainWrapper.m in Sources */ = {isa = PBXBuildFile; fileRef = DAC1CA7F1D061F1200238EB5 /* KeychainWrapper.m */; };
		DAC1CAB31D061F1200238EB5 /* SessionProvider.m in Sources */ = {isa = PBXBuildFile; fileRef = DAC1CA811D061F1200238EB5 /* SessionProvider.m */; };
		DAC1CAB41D061F1200238EB5 /* Settings.m in Sources */ = {isa = PBXBuildFile; fileRef = DAC1CA831D061F1200238EB5 /* Settings.m */; };
		DAC1CAB51D061F1200238EB5 /* StorageManager.m in Sources */ = {isa = PBXBuildFile; fileRef = DAC1CA861D061F1200238EB5 /* StorageManager.m */; };
		DAC1CAB61D061F1200238EB5 /* UITextFieldCustomEdges.m in Sources */ = {isa = PBXBuildFile; fileRef = DAC1CA891D061F1200238EB5 /* UITextFieldCustomEdges.m */; };
		DAC1CAB71D061F1200238EB5 /* FilesTableViewCell.m in Sources */ = {isa = PBXBuildFile; fileRef = DAC1CA8E1D061F1200238EB5 /* FilesTableViewCell.m */; };
		DAC1CAB81D061F1200238EB5 /* FilesTableViewCell.xib in Resources */ = {isa = PBXBuildFile; fileRef = DAC1CA8F1D061F1200238EB5 /* FilesTableViewCell.xib */; };
		DAC1CAB91D061F1200238EB5 /* FileDetailViewController.m in Sources */ = {isa = PBXBuildFile; fileRef = DAC1CA921D061F1200238EB5 /* FileDetailViewController.m */; };
		DAC1CABA1D061F1200238EB5 /* FilesViewController.m in Sources */ = {isa = PBXBuildFile; fileRef = DAC1CA941D061F1200238EB5 /* FilesViewController.m */; };
		DAC1CABB1D061F1200238EB5 /* FileGalleryCollectionViewCell.m in Sources */ = {isa = PBXBuildFile; fileRef = DAC1CA981D061F1200238EB5 /* FileGalleryCollectionViewCell.m */; };
		DAC1CABC1D061F1200238EB5 /* FileGalleryCollectionViewCell.xib in Resources */ = {isa = PBXBuildFile; fileRef = DAC1CA991D061F1200238EB5 /* FileGalleryCollectionViewCell.xib */; };
		DAC1CABD1D061F1200238EB5 /* FileGalleryCollectionViewController.m in Sources */ = {isa = PBXBuildFile; fileRef = DAC1CA9B1D061F1200238EB5 /* FileGalleryCollectionViewController.m */; };
		DAC1CABE1D061F1200238EB5 /* ViewImageController.m in Sources */ = {isa = PBXBuildFile; fileRef = DAC1CA9E1D061F1200238EB5 /* ViewImageController.m */; };
		DAC1CABF1D061F1200238EB5 /* SignInViewController.m in Sources */ = {isa = PBXBuildFile; fileRef = DAC1CAA11D061F1200238EB5 /* SignInViewController.m */; };
		DAC1CAC01D061F1200238EB5 /* ALTableViewController.m in Sources */ = {isa = PBXBuildFile; fileRef = DAC1CAA41D061F1200238EB5 /* ALTableViewController.m */; };
		DAC1CAC11D061F1200238EB5 /* Folder+CoreDataProperties.m in Sources */ = {isa = PBXBuildFile; fileRef = DAC1CAA71D061F1200238EB5 /* Folder+CoreDataProperties.m */; };
		DAC1CAC21D061F1200238EB5 /* Folder.m in Sources */ = {isa = PBXBuildFile; fileRef = DAC1CAA91D061F1200238EB5 /* Folder.m */; };
		DAC1CAC31D061F1200238EB5 /* STZPullToRefresh.m in Sources */ = {isa = PBXBuildFile; fileRef = DAC1CAAD1D061F1200238EB5 /* STZPullToRefresh.m */; };
		DAC1CAC41D061F1200238EB5 /* STZPullToRefreshView.m in Sources */ = {isa = PBXBuildFile; fileRef = DAC1CAAF1D061F1200238EB5 /* STZPullToRefreshView.m */; };
		DAC1CAC91D061F6200238EB5 /* LaunchScreen.storyboard in Resources */ = {isa = PBXBuildFile; fileRef = DAC1CAC81D061F6200238EB5 /* LaunchScreen.storyboard */; };
		DAC1CAD21D06216400238EB5 /* ActionViewController.m in Sources */ = {isa = PBXBuildFile; fileRef = DAC1CAD11D06216400238EB5 /* ActionViewController.m */; };
		DAC1CAD51D06216400238EB5 /* MainInterface.storyboard in Resources */ = {isa = PBXBuildFile; fileRef = DAC1CAD31D06216400238EB5 /* MainInterface.storyboard */; };
		DAC1CAD91D06216500238EB5 /* aurorafilesaction.appex in Embed App Extensions */ = {isa = PBXBuildFile; fileRef = DAC1CACE1D06216400238EB5 /* aurorafilesaction.appex */; settings = {ATTRIBUTES = (RemoveHeadersOnCopy, ); }; };
		DAC1CAE01D06396A00238EB5 /* Images.xcassets in Resources */ = {isa = PBXBuildFile; fileRef = DAC1CA751D061EF800238EB5 /* Images.xcassets */; };
		FF3202601DACF2F7008F3B6A /* ANavigationController.m in Sources */ = {isa = PBXBuildFile; fileRef = FF32025F1DACF2F7008F3B6A /* ANavigationController.m */; };
		FF4255F21D7EDBC0009B2E56 /* UploadedFile.m in Sources */ = {isa = PBXBuildFile; fileRef = FF4255F11D7EDBC0009B2E56 /* UploadedFile.m */; };
		FF42561B1D7F95DD009B2E56 /* Settings.m in Sources */ = {isa = PBXBuildFile; fileRef = DAC1CA831D061F1200238EB5 /* Settings.m */; };
		FF4C76451DA7F21800AA5576 /* snapshotTest.swift in Sources */ = {isa = PBXBuildFile; fileRef = FF4C76441DA7F21800AA5576 /* snapshotTest.swift */; };
		FF4C764D1DA7F24100AA5576 /* SnapshotHelper.swift in Sources */ = {isa = PBXBuildFile; fileRef = FF4C764C1DA7F24100AA5576 /* SnapshotHelper.swift */; };
		FF6A1D0D1DAD0265005CBA76 /* ARootViewController.m in Sources */ = {isa = PBXBuildFile; fileRef = FF6A1D0C1DAD0265005CBA76 /* ARootViewController.m */; };
		FF71D4861DA33162008690D5 /* MLAFNetworkingAdapter.m in Sources */ = {isa = PBXBuildFile; fileRef = FF71D46C1DA33162008690D5 /* MLAFNetworkingAdapter.m */; };
		FF71D4871DA33162008690D5 /* MLAFNetworkingAdapter.m in Sources */ = {isa = PBXBuildFile; fileRef = FF71D46C1DA33162008690D5 /* MLAFNetworkingAdapter.m */; };
		FF71D4881DA33162008690D5 /* MLNetworkLoggingAdapter.m in Sources */ = {isa = PBXBuildFile; fileRef = FF71D46F1DA33162008690D5 /* MLNetworkLoggingAdapter.m */; };
		FF71D4891DA33162008690D5 /* MLNetworkLoggingAdapter.m in Sources */ = {isa = PBXBuildFile; fileRef = FF71D46F1DA33162008690D5 /* MLNetworkLoggingAdapter.m */; };
		FF71D48A1DA33162008690D5 /* MLHostnameRequestFilter.m in Sources */ = {isa = PBXBuildFile; fileRef = FF71D4731DA33162008690D5 /* MLHostnameRequestFilter.m */; };
		FF71D48B1DA33162008690D5 /* MLHostnameRequestFilter.m in Sources */ = {isa = PBXBuildFile; fileRef = FF71D4731DA33162008690D5 /* MLHostnameRequestFilter.m */; };
		FF71D48C1DA33162008690D5 /* MLNetworkLogFactory.m in Sources */ = {isa = PBXBuildFile; fileRef = FF71D47B1DA33162008690D5 /* MLNetworkLogFactory.m */; };
		FF71D48D1DA33162008690D5 /* MLNetworkLogFactory.m in Sources */ = {isa = PBXBuildFile; fileRef = FF71D47B1DA33162008690D5 /* MLNetworkLogFactory.m */; };
		FF71D48E1DA33162008690D5 /* MLHTTPTrafficDescriptionProvider.m in Sources */ = {isa = PBXBuildFile; fileRef = FF71D47E1DA33162008690D5 /* MLHTTPTrafficDescriptionProvider.m */; };
		FF71D48F1DA33162008690D5 /* MLHTTPTrafficDescriptionProvider.m in Sources */ = {isa = PBXBuildFile; fileRef = FF71D47E1DA33162008690D5 /* MLHTTPTrafficDescriptionProvider.m */; };
		FF71D4901DA33162008690D5 /* MLNetworkLogger.m in Sources */ = {isa = PBXBuildFile; fileRef = FF71D4801DA33162008690D5 /* MLNetworkLogger.m */; };
		FF71D4911DA33162008690D5 /* MLNetworkLogger.m in Sources */ = {isa = PBXBuildFile; fileRef = FF71D4801DA33162008690D5 /* MLNetworkLogger.m */; };
		FF71D4921DA33162008690D5 /* MLLoggingProtocol.m in Sources */ = {isa = PBXBuildFile; fileRef = FF71D4831DA33162008690D5 /* MLLoggingProtocol.m */; };
		FF71D4931DA33162008690D5 /* MLLoggingProtocol.m in Sources */ = {isa = PBXBuildFile; fileRef = FF71D4831DA33162008690D5 /* MLLoggingProtocol.m */; };
		FF71D4D81DA3C851008690D5 /* AFNetworkActivityLogger.m in Sources */ = {isa = PBXBuildFile; fileRef = FF71D4D71DA3C851008690D5 /* AFNetworkActivityLogger.m */; };
		FF71D4D91DA3C851008690D5 /* AFNetworkActivityLogger.m in Sources */ = {isa = PBXBuildFile; fileRef = FF71D4D71DA3C851008690D5 /* AFNetworkActivityLogger.m */; };
		FF7F443E1DA1936E00B12E35 /* NSString+URLEncode.m in Sources */ = {isa = PBXBuildFile; fileRef = FF7F443D1DA1936E00B12E35 /* NSString+URLEncode.m */; };
		FF7F443F1DA1936E00B12E35 /* NSString+URLEncode.m in Sources */ = {isa = PBXBuildFile; fileRef = FF7F443D1DA1936E00B12E35 /* NSString+URLEncode.m */; };
		FF8A21DF1D53EAFE006EBE36 /* SystemConfiguration.framework in Frameworks */ = {isa = PBXBuildFile; fileRef = FF8A21DE1D53EAFE006EBE36 /* SystemConfiguration.framework */; };
		FF8A21E21D53ECAD006EBE36 /* ConnectionProvider.m in Sources */ = {isa = PBXBuildFile; fileRef = FF8A21E11D53ECAD006EBE36 /* ConnectionProvider.m */; };
		FF9053041D9ADA4400A09A44 /* UIImage+ImageCompress.m in Sources */ = {isa = PBXBuildFile; fileRef = FF9053031D9ADA4400A09A44 /* UIImage+ImageCompress.m */; };
		FF9053091D9B1E9D00A09A44 /* NSObject+ScreenOrientation.m in Sources */ = {isa = PBXBuildFile; fileRef = FF9053081D9B1E9D00A09A44 /* NSObject+ScreenOrientation.m */; };
		FF90530C1D9BDCCD00A09A44 /* CurrentFilePathViewController.m in Sources */ = {isa = PBXBuildFile; fileRef = FF90530B1D9BDCCD00A09A44 /* CurrentFilePathViewController.m */; };
		FF90530E1D9BE53400A09A44 /* aurorafiles.xcdatamodeld in Sources */ = {isa = PBXBuildFile; fileRef = DAC1CA431D061D7500238EB5 /* aurorafiles.xcdatamodeld */; };
		FF90530F1D9BE55800A09A44 /* Folder+CoreDataProperties.m in Sources */ = {isa = PBXBuildFile; fileRef = DAC1CAA71D061F1200238EB5 /* Folder+CoreDataProperties.m */; };
		FF9053101D9BE55800A09A44 /* Folder.m in Sources */ = {isa = PBXBuildFile; fileRef = DAC1CAA91D061F1200238EB5 /* Folder.m */; };
		FF90536F1D9BF4EC00A09A44 /* UploadFoldersTableViewController.m in Sources */ = {isa = PBXBuildFile; fileRef = FF90536E1D9BF4EC00A09A44 /* UploadFoldersTableViewController.m */; };
		FF9053701D9BFC9900A09A44 /* FilesTableViewCell.m in Sources */ = {isa = PBXBuildFile; fileRef = DAC1CA8E1D061F1200238EB5 /* FilesTableViewCell.m */; };
		FF9053711D9BFCAA00A09A44 /* FilesTableViewCell.xib in Resources */ = {isa = PBXBuildFile; fileRef = DAC1CA8F1D061F1200238EB5 /* FilesTableViewCell.xib */; };
		FF9053721D9C011700A09A44 /* SessionProvider.m in Sources */ = {isa = PBXBuildFile; fileRef = DAC1CA811D061F1200238EB5 /* SessionProvider.m */; };
		FF9053731D9C012D00A09A44 /* API.m in Sources */ = {isa = PBXBuildFile; fileRef = DAC1CA791D061F1200238EB5 /* API.m */; };
		FF9053741D9C02E600A09A44 /* ConnectionProvider.m in Sources */ = {isa = PBXBuildFile; fileRef = FF8A21E11D53ECAD006EBE36 /* ConnectionProvider.m */; };
		FF9053751D9C02EE00A09A44 /* StorageManager.m in Sources */ = {isa = PBXBuildFile; fileRef = DAC1CA861D061F1200238EB5 /* StorageManager.m */; };
		FF9053761D9C03EF00A09A44 /* UIImage+Aurora.m in Sources */ = {isa = PBXBuildFile; fileRef = DAC1CA7C1D061F1200238EB5 /* UIImage+Aurora.m */; };
		FF9053791D9C313C00A09A44 /* TabBarWrapperViewController.m in Sources */ = {isa = PBXBuildFile; fileRef = FF9053781D9C313C00A09A44 /* TabBarWrapperViewController.m */; };
		FFB9592C1DAD3B6D008031B3 /* UPDFilesViewController.m in Sources */ = {isa = PBXBuildFile; fileRef = FFB9592B1DAD3B6D008031B3 /* UPDFilesViewController.m */; };
		FFB959301DAE96E8008031B3 /* MBProgressHUD.m in Sources */ = {isa = PBXBuildFile; fileRef = FFB9592F1DAE96E8008031B3 /* MBProgressHUD.m */; };
		FFB959311DAE96E8008031B3 /* MBProgressHUD.m in Sources */ = {isa = PBXBuildFile; fileRef = FFB9592F1DAE96E8008031B3 /* MBProgressHUD.m */; };
		FFB959351DAF8C74008031B3 /* NSObject+PerformSelectorWithCallback.m in Sources */ = {isa = PBXBuildFile; fileRef = FFB959341DAF8C73008031B3 /* NSObject+PerformSelectorWithCallback.m */; };
		FFB959361DAF8C74008031B3 /* NSObject+PerformSelectorWithCallback.m in Sources */ = {isa = PBXBuildFile; fileRef = FFB959341DAF8C73008031B3 /* NSObject+PerformSelectorWithCallback.m */; };
		FFB959391DAF96D8008031B3 /* NSString+transferedValues.m in Sources */ = {isa = PBXBuildFile; fileRef = FFB959381DAF96D8008031B3 /* NSString+transferedValues.m */; };
		FFB9593A1DAF96D8008031B3 /* NSString+transferedValues.m in Sources */ = {isa = PBXBuildFile; fileRef = FFB959381DAF96D8008031B3 /* NSString+transferedValues.m */; };
		FFFFA5DF1D9A5395006BA9FB /* EXFileGalleryCollectionViewCell.m in Sources */ = {isa = PBXBuildFile; fileRef = FFFFA5DB1D9A5395006BA9FB /* EXFileGalleryCollectionViewCell.m */; };
		FFFFA5E01D9A5395006BA9FB /* EXFileGalleryCollectionViewCell.xib in Resources */ = {isa = PBXBuildFile; fileRef = FFFFA5DC1D9A5395006BA9FB /* EXFileGalleryCollectionViewCell.xib */; };
		FFFFA5E11D9A5395006BA9FB /* EXFileGalleryCollectionViewController.m in Sources */ = {isa = PBXBuildFile; fileRef = FFFFA5DE1D9A5395006BA9FB /* EXFileGalleryCollectionViewController.m */; };
		FFFFA5E51D9A836C006BA9FB /* EXPreviewFileGalleryCollectionViewCell.m in Sources */ = {isa = PBXBuildFile; fileRef = FFFFA5E31D9A836C006BA9FB /* EXPreviewFileGalleryCollectionViewCell.m */; };
		FFFFA5E61D9A836C006BA9FB /* EXPreviewFileGalleryCollectionViewCell.xib in Resources */ = {isa = PBXBuildFile; fileRef = FFFFA5E41D9A836C006BA9FB /* EXPreviewFileGalleryCollectionViewCell.xib */; };
		FFFFA5E91D9A8655006BA9FB /* EXPreviewFileGalleryCollectionViewController.m in Sources */ = {isa = PBXBuildFile; fileRef = FFFFA5E81D9A8655006BA9FB /* EXPreviewFileGalleryCollectionViewController.m */; };
/* End PBXBuildFile section */

/* Begin PBXContainerItemProxy section */
		DAC1CA511D061D7500238EB5 /* PBXContainerItemProxy */ = {
			isa = PBXContainerItemProxy;
			containerPortal = DAC1CA2C1D061D7500238EB5 /* Project object */;
			proxyType = 1;
			remoteGlobalIDString = DAC1CA331D061D7500238EB5;
			remoteInfo = aurorafiles;
		};
		DAC1CA5C1D061D7500238EB5 /* PBXContainerItemProxy */ = {
			isa = PBXContainerItemProxy;
			containerPortal = DAC1CA2C1D061D7500238EB5 /* Project object */;
			proxyType = 1;
			remoteGlobalIDString = DAC1CA331D061D7500238EB5;
			remoteInfo = aurorafiles;
		};
		DAC1CAD71D06216400238EB5 /* PBXContainerItemProxy */ = {
			isa = PBXContainerItemProxy;
			containerPortal = DAC1CA2C1D061D7500238EB5 /* Project object */;
			proxyType = 1;
			remoteGlobalIDString = DAC1CACD1D06216400238EB5;
			remoteInfo = aurorafilesaction;
		};
		FF4C76471DA7F21800AA5576 /* PBXContainerItemProxy */ = {
			isa = PBXContainerItemProxy;
			containerPortal = DAC1CA2C1D061D7500238EB5 /* Project object */;
			proxyType = 1;
			remoteGlobalIDString = DAC1CA331D061D7500238EB5;
			remoteInfo = aurorafiles;
		};
/* End PBXContainerItemProxy section */

/* Begin PBXCopyFilesBuildPhase section */
		DAC1CADD1D06216500238EB5 /* Embed App Extensions */ = {
			isa = PBXCopyFilesBuildPhase;
			buildActionMask = 2147483647;
			dstPath = "";
			dstSubfolderSpec = 13;
			files = (
				DAC1CAD91D06216500238EB5 /* aurorafilesaction.appex in Embed App Extensions */,
			);
			name = "Embed App Extensions";
			runOnlyForDeploymentPostprocessing = 0;
		};
/* End PBXCopyFilesBuildPhase section */

/* Begin PBXFileReference section */
		0EC9B7C5F92AD71B8DC3A960 /* libPods-aurorafilesaction.a */ = {isa = PBXFileReference; explicitFileType = archive.ar; includeInIndex = 0; path = "libPods-aurorafilesaction.a"; sourceTree = BUILT_PRODUCTS_DIR; };
		44B835F02F7C822DF64B167D /* Pods-aurorafiles.debug.xcconfig */ = {isa = PBXFileReference; includeInIndex = 1; lastKnownFileType = text.xcconfig; name = "Pods-aurorafiles.debug.xcconfig"; path = "Pods/Target Support Files/Pods-aurorafiles/Pods-aurorafiles.debug.xcconfig"; sourceTree = "<group>"; };
		63310C56FD18065C45F790FE /* libPods-aurorafilesUITests.a */ = {isa = PBXFileReference; explicitFileType = archive.ar; includeInIndex = 0; path = "libPods-aurorafilesUITests.a"; sourceTree = BUILT_PRODUCTS_DIR; };
		6AD1261A834FCA3EE032095E /* Pods-aurorafilesTests.debug.xcconfig */ = {isa = PBXFileReference; includeInIndex = 1; lastKnownFileType = text.xcconfig; name = "Pods-aurorafilesTests.debug.xcconfig"; path = "Pods/Target Support Files/Pods-aurorafilesTests/Pods-aurorafilesTests.debug.xcconfig"; sourceTree = "<group>"; };
		84A85DBE2F43D9A7108DF1C4 /* Pods-aurorafilesaction.debug.xcconfig */ = {isa = PBXFileReference; includeInIndex = 1; lastKnownFileType = text.xcconfig; name = "Pods-aurorafilesaction.debug.xcconfig"; path = "Pods/Target Support Files/Pods-aurorafilesaction/Pods-aurorafilesaction.debug.xcconfig"; sourceTree = "<group>"; };
		AAC51FCFDBDAF37334758A68 /* Pods-aurorafilesaction.release.xcconfig */ = {isa = PBXFileReference; includeInIndex = 1; lastKnownFileType = text.xcconfig; name = "Pods-aurorafilesaction.release.xcconfig"; path = "Pods/Target Support Files/Pods-aurorafilesaction/Pods-aurorafilesaction.release.xcconfig"; sourceTree = "<group>"; };
		AFA6B06262B7CEB137E2364D /* libPods-aurorafilesTests.a */ = {isa = PBXFileReference; explicitFileType = archive.ar; includeInIndex = 0; path = "libPods-aurorafilesTests.a"; sourceTree = BUILT_PRODUCTS_DIR; };
		B0F1B41B1DE75AD14F8DFC9F /* libPods-aurorafiles.a */ = {isa = PBXFileReference; explicitFileType = archive.ar; includeInIndex = 0; path = "libPods-aurorafiles.a"; sourceTree = BUILT_PRODUCTS_DIR; };
		B19E38E5DEE3D20DDA6C932A /* Pods-aurorafilesTests.release.xcconfig */ = {isa = PBXFileReference; includeInIndex = 1; lastKnownFileType = text.xcconfig; name = "Pods-aurorafilesTests.release.xcconfig"; path = "Pods/Target Support Files/Pods-aurorafilesTests/Pods-aurorafilesTests.release.xcconfig"; sourceTree = "<group>"; };
		C47D8E374DB7A72138B7779D /* Pods-aurorafilesUITests.release.xcconfig */ = {isa = PBXFileReference; includeInIndex = 1; lastKnownFileType = text.xcconfig; name = "Pods-aurorafilesUITests.release.xcconfig"; path = "Pods/Target Support Files/Pods-aurorafilesUITests/Pods-aurorafilesUITests.release.xcconfig"; sourceTree = "<group>"; };
		C91918B3233CA24FA894C5BA /* Pods-aurorafilesUITests.debug.xcconfig */ = {isa = PBXFileReference; includeInIndex = 1; lastKnownFileType = text.xcconfig; name = "Pods-aurorafilesUITests.debug.xcconfig"; path = "Pods/Target Support Files/Pods-aurorafilesUITests/Pods-aurorafilesUITests.debug.xcconfig"; sourceTree = "<group>"; };
		DA3711291D21D5C00067B124 /* aurorafiles 2.xcdatamodel */ = {isa = PBXFileReference; lastKnownFileType = wrapper.xcdatamodel; path = "aurorafiles 2.xcdatamodel"; sourceTree = "<group>"; };
		DA37112B1D21EFFA0067B124 /* DownloadsTableViewController.h */ = {isa = PBXFileReference; fileEncoding = 4; lastKnownFileType = sourcecode.c.h; name = DownloadsTableViewController.h; path = Downloads/DownloadsTableViewController.h; sourceTree = "<group>"; };
		DA37112C1D21EFFA0067B124 /* DownloadsTableViewController.m */ = {isa = PBXFileReference; fileEncoding = 4; lastKnownFileType = sourcecode.c.objc; name = DownloadsTableViewController.m; path = Downloads/DownloadsTableViewController.m; sourceTree = "<group>"; };
		DAC1CA341D061D7500238EB5 /* aurorafiles.app */ = {isa = PBXFileReference; explicitFileType = wrapper.application; includeInIndex = 0; path = aurorafiles.app; sourceTree = BUILT_PRODUCTS_DIR; };
		DAC1CA381D061D7500238EB5 /* main.m */ = {isa = PBXFileReference; lastKnownFileType = sourcecode.c.objc; path = main.m; sourceTree = "<group>"; };
		DAC1CA3A1D061D7500238EB5 /* AppDelegate.h */ = {isa = PBXFileReference; lastKnownFileType = sourcecode.c.h; path = AppDelegate.h; sourceTree = "<group>"; };
		DAC1CA3B1D061D7500238EB5 /* AppDelegate.m */ = {isa = PBXFileReference; lastKnownFileType = sourcecode.c.objc; path = AppDelegate.m; sourceTree = "<group>"; };
		DAC1CA411D061D7500238EB5 /* Base */ = {isa = PBXFileReference; lastKnownFileType = file.storyboard; name = Base; path = Base.lproj/Main.storyboard; sourceTree = "<group>"; };
		DAC1CA441D061D7500238EB5 /* aurorafiles.xcdatamodel */ = {isa = PBXFileReference; lastKnownFileType = wrapper.xcdatamodel; path = aurorafiles.xcdatamodel; sourceTree = "<group>"; };
		DAC1CA461D061D7500238EB5 /* Assets.xcassets */ = {isa = PBXFileReference; lastKnownFileType = folder.assetcatalog; path = Assets.xcassets; sourceTree = "<group>"; };
		DAC1CA4B1D061D7500238EB5 /* Info.plist */ = {isa = PBXFileReference; lastKnownFileType = text.plist.xml; path = Info.plist; sourceTree = "<group>"; };
		DAC1CA501D061D7500238EB5 /* aurorafilesTests.xctest */ = {isa = PBXFileReference; explicitFileType = wrapper.cfbundle; includeInIndex = 0; path = aurorafilesTests.xctest; sourceTree = BUILT_PRODUCTS_DIR; };
		DAC1CA541D061D7500238EB5 /* aurorafilesTests.m */ = {isa = PBXFileReference; lastKnownFileType = sourcecode.c.objc; path = aurorafilesTests.m; sourceTree = "<group>"; };
		DAC1CA561D061D7500238EB5 /* Info.plist */ = {isa = PBXFileReference; lastKnownFileType = text.plist.xml; path = Info.plist; sourceTree = "<group>"; };
		DAC1CA5B1D061D7500238EB5 /* aurorafilesUITests.xctest */ = {isa = PBXFileReference; explicitFileType = wrapper.cfbundle; includeInIndex = 0; path = aurorafilesUITests.xctest; sourceTree = BUILT_PRODUCTS_DIR; };
		DAC1CA5F1D061D7500238EB5 /* aurorafilesUITests.m */ = {isa = PBXFileReference; lastKnownFileType = sourcecode.c.objc; path = aurorafilesUITests.m; sourceTree = "<group>"; };
		DAC1CA611D061D7500238EB5 /* Info.plist */ = {isa = PBXFileReference; lastKnownFileType = text.plist.xml; path = Info.plist; sourceTree = "<group>"; };
		DAC1CA751D061EF800238EB5 /* Images.xcassets */ = {isa = PBXFileReference; lastKnownFileType = folder.assetcatalog; path = Images.xcassets; sourceTree = "<group>"; };
		DAC1CA781D061F1200238EB5 /* API.h */ = {isa = PBXFileReference; fileEncoding = 4; lastKnownFileType = sourcecode.c.h; path = API.h; sourceTree = "<group>"; };
		DAC1CA791D061F1200238EB5 /* API.m */ = {isa = PBXFileReference; fileEncoding = 4; lastKnownFileType = sourcecode.c.objc; path = API.m; sourceTree = "<group>"; };
		DAC1CA7B1D061F1200238EB5 /* UIImage+Aurora.h */ = {isa = PBXFileReference; fileEncoding = 4; lastKnownFileType = sourcecode.c.h; path = "UIImage+Aurora.h"; sourceTree = "<group>"; };
		DAC1CA7C1D061F1200238EB5 /* UIImage+Aurora.m */ = {isa = PBXFileReference; fileEncoding = 4; lastKnownFileType = sourcecode.c.objc; path = "UIImage+Aurora.m"; sourceTree = "<group>"; };
		DAC1CA7E1D061F1200238EB5 /* KeychainWrapper.h */ = {isa = PBXFileReference; fileEncoding = 4; lastKnownFileType = sourcecode.c.h; path = KeychainWrapper.h; sourceTree = "<group>"; };
		DAC1CA7F1D061F1200238EB5 /* KeychainWrapper.m */ = {isa = PBXFileReference; fileEncoding = 4; lastKnownFileType = sourcecode.c.objc; path = KeychainWrapper.m; sourceTree = "<group>"; };
		DAC1CA801D061F1200238EB5 /* SessionProvider.h */ = {isa = PBXFileReference; fileEncoding = 4; lastKnownFileType = sourcecode.c.h; path = SessionProvider.h; sourceTree = "<group>"; };
		DAC1CA811D061F1200238EB5 /* SessionProvider.m */ = {isa = PBXFileReference; fileEncoding = 4; lastKnownFileType = sourcecode.c.objc; path = SessionProvider.m; sourceTree = "<group>"; };
		DAC1CA821D061F1200238EB5 /* Settings.h */ = {isa = PBXFileReference; fileEncoding = 4; lastKnownFileType = sourcecode.c.h; path = Settings.h; sourceTree = "<group>"; };
		DAC1CA831D061F1200238EB5 /* Settings.m */ = {isa = PBXFileReference; fileEncoding = 4; lastKnownFileType = sourcecode.c.objc; path = Settings.m; sourceTree = "<group>"; };
		DAC1CA851D061F1200238EB5 /* StorageManager.h */ = {isa = PBXFileReference; fileEncoding = 4; lastKnownFileType = sourcecode.c.h; path = StorageManager.h; sourceTree = "<group>"; };
		DAC1CA861D061F1200238EB5 /* StorageManager.m */ = {isa = PBXFileReference; fileEncoding = 4; lastKnownFileType = sourcecode.c.objc; path = StorageManager.m; sourceTree = "<group>"; };
		DAC1CA881D061F1200238EB5 /* UITextFieldCustomEdges.h */ = {isa = PBXFileReference; fileEncoding = 4; lastKnownFileType = sourcecode.c.h; path = UITextFieldCustomEdges.h; sourceTree = "<group>"; };
		DAC1CA891D061F1200238EB5 /* UITextFieldCustomEdges.m */ = {isa = PBXFileReference; fileEncoding = 4; lastKnownFileType = sourcecode.c.objc; path = UITextFieldCustomEdges.m; sourceTree = "<group>"; };
		DAC1CA8D1D061F1200238EB5 /* FilesTableViewCell.h */ = {isa = PBXFileReference; fileEncoding = 4; lastKnownFileType = sourcecode.c.h; path = FilesTableViewCell.h; sourceTree = "<group>"; };
		DAC1CA8E1D061F1200238EB5 /* FilesTableViewCell.m */ = {isa = PBXFileReference; fileEncoding = 4; lastKnownFileType = sourcecode.c.objc; path = FilesTableViewCell.m; sourceTree = "<group>"; };
		DAC1CA8F1D061F1200238EB5 /* FilesTableViewCell.xib */ = {isa = PBXFileReference; fileEncoding = 4; lastKnownFileType = file.xib; path = FilesTableViewCell.xib; sourceTree = "<group>"; };
		DAC1CA911D061F1200238EB5 /* FileDetailViewController.h */ = {isa = PBXFileReference; fileEncoding = 4; lastKnownFileType = sourcecode.c.h; path = FileDetailViewController.h; sourceTree = "<group>"; };
		DAC1CA921D061F1200238EB5 /* FileDetailViewController.m */ = {isa = PBXFileReference; fileEncoding = 4; lastKnownFileType = sourcecode.c.objc; path = FileDetailViewController.m; sourceTree = "<group>"; };
		DAC1CA931D061F1200238EB5 /* FilesViewController.h */ = {isa = PBXFileReference; fileEncoding = 4; lastKnownFileType = sourcecode.c.h; path = FilesViewController.h; sourceTree = "<group>"; };
		DAC1CA941D061F1200238EB5 /* FilesViewController.m */ = {isa = PBXFileReference; fileEncoding = 4; lastKnownFileType = sourcecode.c.objc; path = FilesViewController.m; sourceTree = "<group>"; };
		DAC1CA971D061F1200238EB5 /* FileGalleryCollectionViewCell.h */ = {isa = PBXFileReference; fileEncoding = 4; lastKnownFileType = sourcecode.c.h; path = FileGalleryCollectionViewCell.h; sourceTree = "<group>"; };
		DAC1CA981D061F1200238EB5 /* FileGalleryCollectionViewCell.m */ = {isa = PBXFileReference; fileEncoding = 4; lastKnownFileType = sourcecode.c.objc; path = FileGalleryCollectionViewCell.m; sourceTree = "<group>"; };
		DAC1CA991D061F1200238EB5 /* FileGalleryCollectionViewCell.xib */ = {isa = PBXFileReference; fileEncoding = 4; lastKnownFileType = file.xib; path = FileGalleryCollectionViewCell.xib; sourceTree = "<group>"; };
		DAC1CA9A1D061F1200238EB5 /* FileGalleryCollectionViewController.h */ = {isa = PBXFileReference; fileEncoding = 4; lastKnownFileType = sourcecode.c.h; path = FileGalleryCollectionViewController.h; sourceTree = "<group>"; };
		DAC1CA9B1D061F1200238EB5 /* FileGalleryCollectionViewController.m */ = {isa = PBXFileReference; fileEncoding = 4; lastKnownFileType = sourcecode.c.objc; path = FileGalleryCollectionViewController.m; sourceTree = "<group>"; };
		DAC1CA9D1D061F1200238EB5 /* ViewImageController.h */ = {isa = PBXFileReference; fileEncoding = 4; lastKnownFileType = sourcecode.c.h; path = ViewImageController.h; sourceTree = "<group>"; };
		DAC1CA9E1D061F1200238EB5 /* ViewImageController.m */ = {isa = PBXFileReference; fileEncoding = 4; lastKnownFileType = sourcecode.c.objc; path = ViewImageController.m; sourceTree = "<group>"; };
		DAC1CAA01D061F1200238EB5 /* SignInViewController.h */ = {isa = PBXFileReference; fileEncoding = 4; lastKnownFileType = sourcecode.c.h; path = SignInViewController.h; sourceTree = "<group>"; };
		DAC1CAA11D061F1200238EB5 /* SignInViewController.m */ = {isa = PBXFileReference; fileEncoding = 4; lastKnownFileType = sourcecode.c.objc; path = SignInViewController.m; sourceTree = "<group>"; };
		DAC1CAA31D061F1200238EB5 /* ALTableViewController.h */ = {isa = PBXFileReference; fileEncoding = 4; lastKnownFileType = sourcecode.c.h; path = ALTableViewController.h; sourceTree = "<group>"; };
		DAC1CAA41D061F1200238EB5 /* ALTableViewController.m */ = {isa = PBXFileReference; fileEncoding = 4; lastKnownFileType = sourcecode.c.objc; path = ALTableViewController.m; sourceTree = "<group>"; };
		DAC1CAA61D061F1200238EB5 /* Folder+CoreDataProperties.h */ = {isa = PBXFileReference; fileEncoding = 4; lastKnownFileType = sourcecode.c.h; path = "Folder+CoreDataProperties.h"; sourceTree = "<group>"; };
		DAC1CAA71D061F1200238EB5 /* Folder+CoreDataProperties.m */ = {isa = PBXFileReference; fileEncoding = 4; lastKnownFileType = sourcecode.c.objc; path = "Folder+CoreDataProperties.m"; sourceTree = "<group>"; };
		DAC1CAA81D061F1200238EB5 /* Folder.h */ = {isa = PBXFileReference; fileEncoding = 4; lastKnownFileType = sourcecode.c.h; path = Folder.h; sourceTree = "<group>"; };
		DAC1CAA91D061F1200238EB5 /* Folder.m */ = {isa = PBXFileReference; fileEncoding = 4; lastKnownFileType = sourcecode.c.objc; path = Folder.m; sourceTree = "<group>"; };
		DAC1CAAC1D061F1200238EB5 /* STZPullToRefresh.h */ = {isa = PBXFileReference; fileEncoding = 4; lastKnownFileType = sourcecode.c.h; path = STZPullToRefresh.h; sourceTree = "<group>"; };
		DAC1CAAD1D061F1200238EB5 /* STZPullToRefresh.m */ = {isa = PBXFileReference; fileEncoding = 4; lastKnownFileType = sourcecode.c.objc; path = STZPullToRefresh.m; sourceTree = "<group>"; };
		DAC1CAAE1D061F1200238EB5 /* STZPullToRefreshView.h */ = {isa = PBXFileReference; fileEncoding = 4; lastKnownFileType = sourcecode.c.h; path = STZPullToRefreshView.h; sourceTree = "<group>"; };
		DAC1CAAF1D061F1200238EB5 /* STZPullToRefreshView.m */ = {isa = PBXFileReference; fileEncoding = 4; lastKnownFileType = sourcecode.c.objc; path = STZPullToRefreshView.m; sourceTree = "<group>"; };
		DAC1CAC81D061F6200238EB5 /* LaunchScreen.storyboard */ = {isa = PBXFileReference; fileEncoding = 4; lastKnownFileType = file.storyboard; path = LaunchScreen.storyboard; sourceTree = "<group>"; };
		DAC1CACE1D06216400238EB5 /* aurorafilesaction.appex */ = {isa = PBXFileReference; explicitFileType = "wrapper.app-extension"; includeInIndex = 0; path = aurorafilesaction.appex; sourceTree = BUILT_PRODUCTS_DIR; };
		DAC1CAD01D06216400238EB5 /* ActionViewController.h */ = {isa = PBXFileReference; lastKnownFileType = sourcecode.c.h; path = ActionViewController.h; sourceTree = "<group>"; };
		DAC1CAD11D06216400238EB5 /* ActionViewController.m */ = {isa = PBXFileReference; lastKnownFileType = sourcecode.c.objc; path = ActionViewController.m; sourceTree = "<group>"; };
		DAC1CAD41D06216400238EB5 /* Base */ = {isa = PBXFileReference; lastKnownFileType = file.storyboard; name = Base; path = Base.lproj/MainInterface.storyboard; sourceTree = "<group>"; };
		DAC1CAD61D06216400238EB5 /* Info.plist */ = {isa = PBXFileReference; lastKnownFileType = text.plist.xml; path = Info.plist; sourceTree = "<group>"; };
		DAC1CADE1D062BEB00238EB5 /* aurorafiles.entitlements */ = {isa = PBXFileReference; lastKnownFileType = text.xml; path = aurorafiles.entitlements; sourceTree = "<group>"; };
		DAC1CADF1D062BF400238EB5 /* aurorafilesaction.entitlements */ = {isa = PBXFileReference; lastKnownFileType = text.xml; path = aurorafilesaction.entitlements; sourceTree = "<group>"; };
		DBF6A930DEE89149D39B93A1 /* Pods-aurorafiles.release.xcconfig */ = {isa = PBXFileReference; includeInIndex = 1; lastKnownFileType = text.xcconfig; name = "Pods-aurorafiles.release.xcconfig"; path = "Pods/Target Support Files/Pods-aurorafiles/Pods-aurorafiles.release.xcconfig"; sourceTree = "<group>"; };
		FF32025E1DACF2F7008F3B6A /* ANavigationController.h */ = {isa = PBXFileReference; fileEncoding = 4; lastKnownFileType = sourcecode.c.h; path = ANavigationController.h; sourceTree = "<group>"; };
		FF32025F1DACF2F7008F3B6A /* ANavigationController.m */ = {isa = PBXFileReference; fileEncoding = 4; lastKnownFileType = sourcecode.c.objc; path = ANavigationController.m; sourceTree = "<group>"; };
		FF4255F01D7EDBC0009B2E56 /* UploadedFile.h */ = {isa = PBXFileReference; fileEncoding = 4; lastKnownFileType = sourcecode.c.h; name = UploadedFile.h; path = Model/UploadedFile.h; sourceTree = "<group>"; };
		FF4255F11D7EDBC0009B2E56 /* UploadedFile.m */ = {isa = PBXFileReference; fileEncoding = 4; lastKnownFileType = sourcecode.c.objc; name = UploadedFile.m; path = Model/UploadedFile.m; sourceTree = "<group>"; };
		FF4C76421DA7F21800AA5576 /* snapshotTest.xctest */ = {isa = PBXFileReference; explicitFileType = wrapper.cfbundle; includeInIndex = 0; path = snapshotTest.xctest; sourceTree = BUILT_PRODUCTS_DIR; };
		FF4C76441DA7F21800AA5576 /* snapshotTest.swift */ = {isa = PBXFileReference; lastKnownFileType = sourcecode.swift; path = snapshotTest.swift; sourceTree = "<group>"; };
		FF4C76461DA7F21800AA5576 /* Info.plist */ = {isa = PBXFileReference; lastKnownFileType = text.plist.xml; path = Info.plist; sourceTree = "<group>"; };
		FF4C764C1DA7F24100AA5576 /* SnapshotHelper.swift */ = {isa = PBXFileReference; fileEncoding = 4; lastKnownFileType = sourcecode.swift; path = SnapshotHelper.swift; sourceTree = "<group>"; };
		FF6A1D0B1DAD0265005CBA76 /* ARootViewController.h */ = {isa = PBXFileReference; fileEncoding = 4; lastKnownFileType = sourcecode.c.h; name = ARootViewController.h; path = RootController/ARootViewController.h; sourceTree = "<group>"; };
		FF6A1D0C1DAD0265005CBA76 /* ARootViewController.m */ = {isa = PBXFileReference; fileEncoding = 4; lastKnownFileType = sourcecode.c.objc; name = ARootViewController.m; path = RootController/ARootViewController.m; sourceTree = "<group>"; };
		FF71D46B1DA33162008690D5 /* MLAFNetworkingAdapter.h */ = {isa = PBXFileReference; fileEncoding = 4; lastKnownFileType = sourcecode.c.h; path = MLAFNetworkingAdapter.h; sourceTree = "<group>"; };
		FF71D46C1DA33162008690D5 /* MLAFNetworkingAdapter.m */ = {isa = PBXFileReference; fileEncoding = 4; lastKnownFileType = sourcecode.c.objc; path = MLAFNetworkingAdapter.m; sourceTree = "<group>"; };
		FF71D46E1DA33162008690D5 /* MLNetworkLoggingAdapter.h */ = {isa = PBXFileReference; fileEncoding = 4; lastKnownFileType = sourcecode.c.h; path = MLNetworkLoggingAdapter.h; sourceTree = "<group>"; };
		FF71D46F1DA33162008690D5 /* MLNetworkLoggingAdapter.m */ = {isa = PBXFileReference; fileEncoding = 4; lastKnownFileType = sourcecode.c.objc; path = MLNetworkLoggingAdapter.m; sourceTree = "<group>"; };
		FF71D4721DA33162008690D5 /* MLHostnameRequestFilter.h */ = {isa = PBXFileReference; fileEncoding = 4; lastKnownFileType = sourcecode.c.h; path = MLHostnameRequestFilter.h; sourceTree = "<group>"; };
		FF71D4731DA33162008690D5 /* MLHostnameRequestFilter.m */ = {isa = PBXFileReference; fileEncoding = 4; lastKnownFileType = sourcecode.c.objc; path = MLHostnameRequestFilter.m; sourceTree = "<group>"; };
		FF71D4741DA33162008690D5 /* MLRequestFilter.h */ = {isa = PBXFileReference; fileEncoding = 4; lastKnownFileType = sourcecode.c.h; path = MLRequestFilter.h; sourceTree = "<group>"; };
		FF71D4771DA33162008690D5 /* MLNetworkTrafficDescriptionProvider.h */ = {isa = PBXFileReference; fileEncoding = 4; lastKnownFileType = sourcecode.c.h; path = MLNetworkTrafficDescriptionProvider.h; sourceTree = "<group>"; };
		FF71D4781DA33162008690D5 /* MLNetworkTrafficProcessor.h */ = {isa = PBXFileReference; fileEncoding = 4; lastKnownFileType = sourcecode.c.h; path = MLNetworkTrafficProcessor.h; sourceTree = "<group>"; };
		FF71D47A1DA33162008690D5 /* MLNetworkLogFactory.h */ = {isa = PBXFileReference; fileEncoding = 4; lastKnownFileType = sourcecode.c.h; path = MLNetworkLogFactory.h; sourceTree = "<group>"; };
		FF71D47B1DA33162008690D5 /* MLNetworkLogFactory.m */ = {isa = PBXFileReference; fileEncoding = 4; lastKnownFileType = sourcecode.c.objc; path = MLNetworkLogFactory.m; sourceTree = "<group>"; };
		FF71D47D1DA33162008690D5 /* MLHTTPTrafficDescriptionProvider.h */ = {isa = PBXFileReference; fileEncoding = 4; lastKnownFileType = sourcecode.c.h; path = MLHTTPTrafficDescriptionProvider.h; sourceTree = "<group>"; };
		FF71D47E1DA33162008690D5 /* MLHTTPTrafficDescriptionProvider.m */ = {isa = PBXFileReference; fileEncoding = 4; lastKnownFileType = sourcecode.c.objc; path = MLHTTPTrafficDescriptionProvider.m; sourceTree = "<group>"; };
		FF71D47F1DA33162008690D5 /* MLNetworkLogger.h */ = {isa = PBXFileReference; fileEncoding = 4; lastKnownFileType = sourcecode.c.h; path = MLNetworkLogger.h; sourceTree = "<group>"; };
		FF71D4801DA33162008690D5 /* MLNetworkLogger.m */ = {isa = PBXFileReference; fileEncoding = 4; lastKnownFileType = sourcecode.c.objc; path = MLNetworkLogger.m; sourceTree = "<group>"; };
		FF71D4821DA33162008690D5 /* MLLoggingProtocol.h */ = {isa = PBXFileReference; fileEncoding = 4; lastKnownFileType = sourcecode.c.h; path = MLLoggingProtocol.h; sourceTree = "<group>"; };
		FF71D4831DA33162008690D5 /* MLLoggingProtocol.m */ = {isa = PBXFileReference; fileEncoding = 4; lastKnownFileType = sourcecode.c.objc; path = MLLoggingProtocol.m; sourceTree = "<group>"; };
		FF71D4D61DA3C851008690D5 /* AFNetworkActivityLogger.h */ = {isa = PBXFileReference; fileEncoding = 4; lastKnownFileType = sourcecode.c.h; path = AFNetworkActivityLogger.h; sourceTree = "<group>"; };
		FF71D4D71DA3C851008690D5 /* AFNetworkActivityLogger.m */ = {isa = PBXFileReference; fileEncoding = 4; lastKnownFileType = sourcecode.c.objc; path = AFNetworkActivityLogger.m; sourceTree = "<group>"; };
		FF7F443C1DA1936E00B12E35 /* NSString+URLEncode.h */ = {isa = PBXFileReference; fileEncoding = 4; lastKnownFileType = sourcecode.c.h; path = "NSString+URLEncode.h"; sourceTree = "<group>"; };
		FF7F443D1DA1936E00B12E35 /* NSString+URLEncode.m */ = {isa = PBXFileReference; fileEncoding = 4; lastKnownFileType = sourcecode.c.objc; path = "NSString+URLEncode.m"; sourceTree = "<group>"; };
		FF8A21DE1D53EAFE006EBE36 /* SystemConfiguration.framework */ = {isa = PBXFileReference; lastKnownFileType = wrapper.framework; name = SystemConfiguration.framework; path = System/Library/Frameworks/SystemConfiguration.framework; sourceTree = SDKROOT; };
		FF8A21E01D53ECAD006EBE36 /* ConnectionProvider.h */ = {isa = PBXFileReference; fileEncoding = 4; lastKnownFileType = sourcecode.c.h; path = ConnectionProvider.h; sourceTree = "<group>"; };
		FF8A21E11D53ECAD006EBE36 /* ConnectionProvider.m */ = {isa = PBXFileReference; fileEncoding = 4; lastKnownFileType = sourcecode.c.objc; path = ConnectionProvider.m; sourceTree = "<group>"; };
		FF8A21E31D53F1F7006EBE36 /* Constants.h */ = {isa = PBXFileReference; lastKnownFileType = sourcecode.c.h; path = Constants.h; sourceTree = "<group>"; };
		FF9053021D9ADA4400A09A44 /* UIImage+ImageCompress.h */ = {isa = PBXFileReference; fileEncoding = 4; lastKnownFileType = sourcecode.c.h; name = "UIImage+ImageCompress.h"; path = "Gallery/UIImage+ImageCompress.h"; sourceTree = "<group>"; };
		FF9053031D9ADA4400A09A44 /* UIImage+ImageCompress.m */ = {isa = PBXFileReference; fileEncoding = 4; lastKnownFileType = sourcecode.c.objc; name = "UIImage+ImageCompress.m"; path = "Gallery/UIImage+ImageCompress.m"; sourceTree = "<group>"; };
		FF9053051D9B0D4800A09A44 /* EXConstants.h */ = {isa = PBXFileReference; lastKnownFileType = sourcecode.c.h; path = EXConstants.h; sourceTree = "<group>"; };
		FF9053071D9B1E9D00A09A44 /* NSObject+ScreenOrientation.h */ = {isa = PBXFileReference; fileEncoding = 4; lastKnownFileType = sourcecode.c.h; path = "NSObject+ScreenOrientation.h"; sourceTree = "<group>"; };
		FF9053081D9B1E9D00A09A44 /* NSObject+ScreenOrientation.m */ = {isa = PBXFileReference; fileEncoding = 4; lastKnownFileType = sourcecode.c.objc; path = "NSObject+ScreenOrientation.m"; sourceTree = "<group>"; };
		FF90530A1D9BDCCD00A09A44 /* CurrentFilePathViewController.h */ = {isa = PBXFileReference; fileEncoding = 4; lastKnownFileType = sourcecode.c.h; name = CurrentFilePathViewController.h; path = FilePath/CurrentFilePathViewController.h; sourceTree = "<group>"; };
		FF90530B1D9BDCCD00A09A44 /* CurrentFilePathViewController.m */ = {isa = PBXFileReference; fileEncoding = 4; lastKnownFileType = sourcecode.c.objc; name = CurrentFilePathViewController.m; path = FilePath/CurrentFilePathViewController.m; sourceTree = "<group>"; };
		FF90536D1D9BF4EC00A09A44 /* UploadFoldersTableViewController.h */ = {isa = PBXFileReference; fileEncoding = 4; lastKnownFileType = sourcecode.c.h; name = UploadFoldersTableViewController.h; path = FilePath/UploadFoldersTableViewController.h; sourceTree = "<group>"; };
		FF90536E1D9BF4EC00A09A44 /* UploadFoldersTableViewController.m */ = {isa = PBXFileReference; fileEncoding = 4; lastKnownFileType = sourcecode.c.objc; name = UploadFoldersTableViewController.m; path = FilePath/UploadFoldersTableViewController.m; sourceTree = "<group>"; };
		FF9053771D9C313C00A09A44 /* TabBarWrapperViewController.h */ = {isa = PBXFileReference; fileEncoding = 4; lastKnownFileType = sourcecode.c.h; name = TabBarWrapperViewController.h; path = FilePath/TabBarWrapperViewController.h; sourceTree = "<group>"; };
		FF9053781D9C313C00A09A44 /* TabBarWrapperViewController.m */ = {isa = PBXFileReference; fileEncoding = 4; lastKnownFileType = sourcecode.c.objc; name = TabBarWrapperViewController.m; path = FilePath/TabBarWrapperViewController.m; sourceTree = "<group>"; };
		FFB9592A1DAD3B6D008031B3 /* UPDFilesViewController.h */ = {isa = PBXFileReference; fileEncoding = 4; lastKnownFileType = sourcecode.c.h; path = UPDFilesViewController.h; sourceTree = "<group>"; };
		FFB9592B1DAD3B6D008031B3 /* UPDFilesViewController.m */ = {isa = PBXFileReference; fileEncoding = 4; lastKnownFileType = sourcecode.c.objc; path = UPDFilesViewController.m; sourceTree = "<group>"; };
		FFB9592E1DAE96E8008031B3 /* MBProgressHUD.h */ = {isa = PBXFileReference; fileEncoding = 4; lastKnownFileType = sourcecode.c.h; path = MBProgressHUD.h; sourceTree = "<group>"; };
		FFB9592F1DAE96E8008031B3 /* MBProgressHUD.m */ = {isa = PBXFileReference; fileEncoding = 4; lastKnownFileType = sourcecode.c.objc; path = MBProgressHUD.m; sourceTree = "<group>"; };
		FFB959331DAF8C73008031B3 /* NSObject+PerformSelectorWithCallback.h */ = {isa = PBXFileReference; fileEncoding = 4; lastKnownFileType = sourcecode.c.h; path = "NSObject+PerformSelectorWithCallback.h"; sourceTree = "<group>"; };
		FFB959341DAF8C73008031B3 /* NSObject+PerformSelectorWithCallback.m */ = {isa = PBXFileReference; fileEncoding = 4; lastKnownFileType = sourcecode.c.objc; path = "NSObject+PerformSelectorWithCallback.m"; sourceTree = "<group>"; };
		FFB959371DAF96D8008031B3 /* NSString+transferedValues.h */ = {isa = PBXFileReference; fileEncoding = 4; lastKnownFileType = sourcecode.c.h; path = "NSString+transferedValues.h"; sourceTree = "<group>"; };
		FFB959381DAF96D8008031B3 /* NSString+transferedValues.m */ = {isa = PBXFileReference; fileEncoding = 4; lastKnownFileType = sourcecode.c.objc; path = "NSString+transferedValues.m"; sourceTree = "<group>"; };
		FFFFA5DA1D9A5395006BA9FB /* EXFileGalleryCollectionViewCell.h */ = {isa = PBXFileReference; fileEncoding = 4; lastKnownFileType = sourcecode.c.h; path = EXFileGalleryCollectionViewCell.h; sourceTree = "<group>"; };
		FFFFA5DB1D9A5395006BA9FB /* EXFileGalleryCollectionViewCell.m */ = {isa = PBXFileReference; fileEncoding = 4; lastKnownFileType = sourcecode.c.objc; path = EXFileGalleryCollectionViewCell.m; sourceTree = "<group>"; };
		FFFFA5DC1D9A5395006BA9FB /* EXFileGalleryCollectionViewCell.xib */ = {isa = PBXFileReference; fileEncoding = 4; lastKnownFileType = file.xib; path = EXFileGalleryCollectionViewCell.xib; sourceTree = "<group>"; };
		FFFFA5DD1D9A5395006BA9FB /* EXFileGalleryCollectionViewController.h */ = {isa = PBXFileReference; fileEncoding = 4; lastKnownFileType = sourcecode.c.h; path = EXFileGalleryCollectionViewController.h; sourceTree = "<group>"; };
		FFFFA5DE1D9A5395006BA9FB /* EXFileGalleryCollectionViewController.m */ = {isa = PBXFileReference; fileEncoding = 4; lastKnownFileType = sourcecode.c.objc; path = EXFileGalleryCollectionViewController.m; sourceTree = "<group>"; };
		FFFFA5E21D9A836C006BA9FB /* EXPreviewFileGalleryCollectionViewCell.h */ = {isa = PBXFileReference; fileEncoding = 4; lastKnownFileType = sourcecode.c.h; path = EXPreviewFileGalleryCollectionViewCell.h; sourceTree = "<group>"; };
		FFFFA5E31D9A836C006BA9FB /* EXPreviewFileGalleryCollectionViewCell.m */ = {isa = PBXFileReference; fileEncoding = 4; lastKnownFileType = sourcecode.c.objc; path = EXPreviewFileGalleryCollectionViewCell.m; sourceTree = "<group>"; };
		FFFFA5E41D9A836C006BA9FB /* EXPreviewFileGalleryCollectionViewCell.xib */ = {isa = PBXFileReference; fileEncoding = 4; lastKnownFileType = file.xib; path = EXPreviewFileGalleryCollectionViewCell.xib; sourceTree = "<group>"; };
		FFFFA5E71D9A8655006BA9FB /* EXPreviewFileGalleryCollectionViewController.h */ = {isa = PBXFileReference; fileEncoding = 4; lastKnownFileType = sourcecode.c.h; path = EXPreviewFileGalleryCollectionViewController.h; sourceTree = "<group>"; };
		FFFFA5E81D9A8655006BA9FB /* EXPreviewFileGalleryCollectionViewController.m */ = {isa = PBXFileReference; fileEncoding = 4; lastKnownFileType = sourcecode.c.objc; path = EXPreviewFileGalleryCollectionViewController.m; sourceTree = "<group>"; };
/* End PBXFileReference section */

/* Begin PBXFrameworksBuildPhase section */
		DAC1CA311D061D7500238EB5 /* Frameworks */ = {
			isa = PBXFrameworksBuildPhase;
			buildActionMask = 2147483647;
			files = (
				FF8A21DF1D53EAFE006EBE36 /* SystemConfiguration.framework in Frameworks */,
				231184308D0834E67342208D /* libPods-aurorafiles.a in Frameworks */,
			);
			runOnlyForDeploymentPostprocessing = 0;
		};
		DAC1CA4D1D061D7500238EB5 /* Frameworks */ = {
			isa = PBXFrameworksBuildPhase;
			buildActionMask = 2147483647;
			files = (
				6705CC7AF0730C85A80D7FA3 /* libPods-aurorafilesTests.a in Frameworks */,
			);
			runOnlyForDeploymentPostprocessing = 0;
		};
		DAC1CA581D061D7500238EB5 /* Frameworks */ = {
			isa = PBXFrameworksBuildPhase;
			buildActionMask = 2147483647;
			files = (
				B9625021EAA93E0A0537A454 /* libPods-aurorafilesUITests.a in Frameworks */,
			);
			runOnlyForDeploymentPostprocessing = 0;
		};
		DAC1CACB1D06216400238EB5 /* Frameworks */ = {
			isa = PBXFrameworksBuildPhase;
			buildActionMask = 2147483647;
			files = (
				B58C5283746F9C1CBC0FA082 /* libPods-aurorafilesaction.a in Frameworks */,
			);
			runOnlyForDeploymentPostprocessing = 0;
		};
		FF4C763F1DA7F21800AA5576 /* Frameworks */ = {
			isa = PBXFrameworksBuildPhase;
			buildActionMask = 2147483647;
			files = (
			);
			runOnlyForDeploymentPostprocessing = 0;
		};
/* End PBXFrameworksBuildPhase section */

/* Begin PBXGroup section */
		08C21F2A8F35CF1838537085 /* Pods */ = {
			isa = PBXGroup;
			children = (
				44B835F02F7C822DF64B167D /* Pods-aurorafiles.debug.xcconfig */,
				DBF6A930DEE89149D39B93A1 /* Pods-aurorafiles.release.xcconfig */,
				6AD1261A834FCA3EE032095E /* Pods-aurorafilesTests.debug.xcconfig */,
				B19E38E5DEE3D20DDA6C932A /* Pods-aurorafilesTests.release.xcconfig */,
				C91918B3233CA24FA894C5BA /* Pods-aurorafilesUITests.debug.xcconfig */,
				C47D8E374DB7A72138B7779D /* Pods-aurorafilesUITests.release.xcconfig */,
				84A85DBE2F43D9A7108DF1C4 /* Pods-aurorafilesaction.debug.xcconfig */,
				AAC51FCFDBDAF37334758A68 /* Pods-aurorafilesaction.release.xcconfig */,
			);
			name = Pods;
			sourceTree = "<group>";
		};
		9D3ABB9A4596045D52E649D4 /* Frameworks */ = {
			isa = PBXGroup;
			children = (
				FF8A21DE1D53EAFE006EBE36 /* SystemConfiguration.framework */,
				B0F1B41B1DE75AD14F8DFC9F /* libPods-aurorafiles.a */,
				AFA6B06262B7CEB137E2364D /* libPods-aurorafilesTests.a */,
				63310C56FD18065C45F790FE /* libPods-aurorafilesUITests.a */,
				0EC9B7C5F92AD71B8DC3A960 /* libPods-aurorafilesaction.a */,
			);
			name = Frameworks;
			sourceTree = "<group>";
		};
		DA37112A1D21EFD20067B124 /* Downloads */ = {
			isa = PBXGroup;
			children = (
				DA37112B1D21EFFA0067B124 /* DownloadsTableViewController.h */,
				DA37112C1D21EFFA0067B124 /* DownloadsTableViewController.m */,
			);
			name = Downloads;
			sourceTree = "<group>";
		};
		DAC1CA2B1D061D7500238EB5 = {
			isa = PBXGroup;
			children = (
				DAC1CA361D061D7500238EB5 /* aurorafiles */,
				DAC1CA531D061D7500238EB5 /* aurorafilesTests */,
				DAC1CA5E1D061D7500238EB5 /* aurorafilesUITests */,
				DAC1CACF1D06216400238EB5 /* aurorafilesaction */,
				FF4C76431DA7F21800AA5576 /* snapshotTest */,
				DAC1CA351D061D7500238EB5 /* Products */,
				08C21F2A8F35CF1838537085 /* Pods */,
				9D3ABB9A4596045D52E649D4 /* Frameworks */,
			);
			sourceTree = "<group>";
		};
		DAC1CA351D061D7500238EB5 /* Products */ = {
			isa = PBXGroup;
			children = (
				DAC1CA341D061D7500238EB5 /* aurorafiles.app */,
				DAC1CA501D061D7500238EB5 /* aurorafilesTests.xctest */,
				DAC1CA5B1D061D7500238EB5 /* aurorafilesUITests.xctest */,
				DAC1CACE1D06216400238EB5 /* aurorafilesaction.appex */,
				FF4C76421DA7F21800AA5576 /* snapshotTest.xctest */,
			);
			name = Products;
			sourceTree = "<group>";
		};
		DAC1CA361D061D7500238EB5 /* aurorafiles */ = {
			isa = PBXGroup;
			children = (
				DAC1CADE1D062BEB00238EB5 /* aurorafiles.entitlements */,
				DAC1CA3A1D061D7500238EB5 /* AppDelegate.h */,
				DAC1CA3B1D061D7500238EB5 /* AppDelegate.m */,
				DAC1CA401D061D7500238EB5 /* Main.storyboard */,
				DAC1CA461D061D7500238EB5 /* Assets.xcassets */,
				DAC1CA771D061F1200238EB5 /* Classes */,
				DAC1CA8A1D061F1200238EB5 /* Controllers */,
				DAC1CAA51D061F1200238EB5 /* Entity */,
				DAC1CAAA1D061F1200238EB5 /* vendor */,
				DAC1CA751D061EF800238EB5 /* Images.xcassets */,
				DAC1CA4B1D061D7500238EB5 /* Info.plist */,
				DAC1CA431D061D7500238EB5 /* aurorafiles.xcdatamodeld */,
				DAC1CA371D061D7500238EB5 /* Supporting Files */,
				DAC1CAC81D061F6200238EB5 /* LaunchScreen.storyboard */,
			);
			path = aurorafiles;
			sourceTree = "<group>";
		};
		DAC1CA371D061D7500238EB5 /* Supporting Files */ = {
			isa = PBXGroup;
			children = (
				DAC1CA381D061D7500238EB5 /* main.m */,
				FF8A21E31D53F1F7006EBE36 /* Constants.h */,
			);
			name = "Supporting Files";
			sourceTree = "<group>";
		};
		DAC1CA531D061D7500238EB5 /* aurorafilesTests */ = {
			isa = PBXGroup;
			children = (
				DAC1CA541D061D7500238EB5 /* aurorafilesTests.m */,
				DAC1CA561D061D7500238EB5 /* Info.plist */,
			);
			path = aurorafilesTests;
			sourceTree = "<group>";
		};
		DAC1CA5E1D061D7500238EB5 /* aurorafilesUITests */ = {
			isa = PBXGroup;
			children = (
				DAC1CA5F1D061D7500238EB5 /* aurorafilesUITests.m */,
				DAC1CA611D061D7500238EB5 /* Info.plist */,
			);
			path = aurorafilesUITests;
			sourceTree = "<group>";
		};
		DAC1CA771D061F1200238EB5 /* Classes */ = {
			isa = PBXGroup;
			children = (
				DAC1CA781D061F1200238EB5 /* API.h */,
				DAC1CA791D061F1200238EB5 /* API.m */,
				DAC1CA7A1D061F1200238EB5 /* Categories */,
				DAC1CA7D1D061F1200238EB5 /* Keychain */,
				DAC1CA801D061F1200238EB5 /* SessionProvider.h */,
				DAC1CA811D061F1200238EB5 /* SessionProvider.m */,
				FF8A21E01D53ECAD006EBE36 /* ConnectionProvider.h */,
				FF8A21E11D53ECAD006EBE36 /* ConnectionProvider.m */,
				DAC1CA821D061F1200238EB5 /* Settings.h */,
				DAC1CA831D061F1200238EB5 /* Settings.m */,
				DAC1CA841D061F1200238EB5 /* StorageManager */,
				DAC1CA871D061F1200238EB5 /* View */,
			);
			path = Classes;
			sourceTree = "<group>";
		};
		DAC1CA7A1D061F1200238EB5 /* Categories */ = {
			isa = PBXGroup;
			children = (
				FFB959331DAF8C73008031B3 /* NSObject+PerformSelectorWithCallback.h */,
				FFB959341DAF8C73008031B3 /* NSObject+PerformSelectorWithCallback.m */,
				DAC1CA7B1D061F1200238EB5 /* UIImage+Aurora.h */,
				DAC1CA7C1D061F1200238EB5 /* UIImage+Aurora.m */,
				FF7F443C1DA1936E00B12E35 /* NSString+URLEncode.h */,
				FF7F443D1DA1936E00B12E35 /* NSString+URLEncode.m */,
				FFB959371DAF96D8008031B3 /* NSString+transferedValues.h */,
				FFB959381DAF96D8008031B3 /* NSString+transferedValues.m */,
			);
			path = Categories;
			sourceTree = "<group>";
		};
		DAC1CA7D1D061F1200238EB5 /* Keychain */ = {
			isa = PBXGroup;
			children = (
				DAC1CA7E1D061F1200238EB5 /* KeychainWrapper.h */,
				DAC1CA7F1D061F1200238EB5 /* KeychainWrapper.m */,
			);
			path = Keychain;
			sourceTree = "<group>";
		};
		DAC1CA841D061F1200238EB5 /* StorageManager */ = {
			isa = PBXGroup;
			children = (
				DAC1CA851D061F1200238EB5 /* StorageManager.h */,
				DAC1CA861D061F1200238EB5 /* StorageManager.m */,
			);
			path = StorageManager;
			sourceTree = "<group>";
		};
		DAC1CA871D061F1200238EB5 /* View */ = {
			isa = PBXGroup;
			children = (
				DAC1CA881D061F1200238EB5 /* UITextFieldCustomEdges.h */,
				DAC1CA891D061F1200238EB5 /* UITextFieldCustomEdges.m */,
				FF32025E1DACF2F7008F3B6A /* ANavigationController.h */,
				FF32025F1DACF2F7008F3B6A /* ANavigationController.m */,
			);
			path = View;
			sourceTree = "<group>";
		};
		DAC1CA8A1D061F1200238EB5 /* Controllers */ = {
			isa = PBXGroup;
			children = (
				DA37112A1D21EFD20067B124 /* Downloads */,
				DAC1CA8B1D061F1200238EB5 /* Files */,
				DAC1CA9F1D061F1200238EB5 /* SignInViewController */,
				DAC1CAA21D061F1200238EB5 /* TableController */,
				FF6A1D0E1DAD026F005CBA76 /* RootController */,
			);
			path = Controllers;
			sourceTree = "<group>";
		};
		DAC1CA8B1D061F1200238EB5 /* Files */ = {
			isa = PBXGroup;
			children = (
				DAC1CA8C1D061F1200238EB5 /* Cell */,
				DAC1CA901D061F1200238EB5 /* Detail */,
				DAC1CA931D061F1200238EB5 /* FilesViewController.h */,
				DAC1CA941D061F1200238EB5 /* FilesViewController.m */,
				FFB9592A1DAD3B6D008031B3 /* UPDFilesViewController.h */,
				FFB9592B1DAD3B6D008031B3 /* UPDFilesViewController.m */,
				DAC1CA951D061F1200238EB5 /* Gallery */,
				DAC1CA9C1D061F1200238EB5 /* ViewImage */,
			);
			path = Files;
			sourceTree = "<group>";
		};
		DAC1CA8C1D061F1200238EB5 /* Cell */ = {
			isa = PBXGroup;
			children = (
				DAC1CA8D1D061F1200238EB5 /* FilesTableViewCell.h */,
				DAC1CA8E1D061F1200238EB5 /* FilesTableViewCell.m */,
				DAC1CA8F1D061F1200238EB5 /* FilesTableViewCell.xib */,
			);
			path = Cell;
			sourceTree = "<group>";
		};
		DAC1CA901D061F1200238EB5 /* Detail */ = {
			isa = PBXGroup;
			children = (
				DAC1CA911D061F1200238EB5 /* FileDetailViewController.h */,
				DAC1CA921D061F1200238EB5 /* FileDetailViewController.m */,
			);
			path = Detail;
			sourceTree = "<group>";
		};
		DAC1CA951D061F1200238EB5 /* Gallery */ = {
			isa = PBXGroup;
			children = (
				DAC1CA961D061F1200238EB5 /* Cell */,
				DAC1CA9A1D061F1200238EB5 /* FileGalleryCollectionViewController.h */,
				DAC1CA9B1D061F1200238EB5 /* FileGalleryCollectionViewController.m */,
			);
			path = Gallery;
			sourceTree = "<group>";
		};
		DAC1CA961D061F1200238EB5 /* Cell */ = {
			isa = PBXGroup;
			children = (
				DAC1CA971D061F1200238EB5 /* FileGalleryCollectionViewCell.h */,
				DAC1CA981D061F1200238EB5 /* FileGalleryCollectionViewCell.m */,
				DAC1CA991D061F1200238EB5 /* FileGalleryCollectionViewCell.xib */,
			);
			path = Cell;
			sourceTree = "<group>";
		};
		DAC1CA9C1D061F1200238EB5 /* ViewImage */ = {
			isa = PBXGroup;
			children = (
				DAC1CA9D1D061F1200238EB5 /* ViewImageController.h */,
				DAC1CA9E1D061F1200238EB5 /* ViewImageController.m */,
			);
			path = ViewImage;
			sourceTree = "<group>";
		};
		DAC1CA9F1D061F1200238EB5 /* SignInViewController */ = {
			isa = PBXGroup;
			children = (
				DAC1CAA01D061F1200238EB5 /* SignInViewController.h */,
				DAC1CAA11D061F1200238EB5 /* SignInViewController.m */,
			);
			path = SignInViewController;
			sourceTree = "<group>";
		};
		DAC1CAA21D061F1200238EB5 /* TableController */ = {
			isa = PBXGroup;
			children = (
				DAC1CAA31D061F1200238EB5 /* ALTableViewController.h */,
				DAC1CAA41D061F1200238EB5 /* ALTableViewController.m */,
			);
			path = TableController;
			sourceTree = "<group>";
		};
		DAC1CAA51D061F1200238EB5 /* Entity */ = {
			isa = PBXGroup;
			children = (
				DAC1CAA61D061F1200238EB5 /* Folder+CoreDataProperties.h */,
				DAC1CAA71D061F1200238EB5 /* Folder+CoreDataProperties.m */,
				DAC1CAA81D061F1200238EB5 /* Folder.h */,
				DAC1CAA91D061F1200238EB5 /* Folder.m */,
			);
			path = Entity;
			sourceTree = "<group>";
		};
		DAC1CAAA1D061F1200238EB5 /* vendor */ = {
			isa = PBXGroup;
			children = (
				FFB959321DAE96F9008031B3 /* MBProgressHUD */,
				FF71D4671DA33162008690D5 /* MLNetworkLogger */,
				FF71D4D51DA3C851008690D5 /* AFNetworkActivityLogger */,
				DAC1CAAB1D061F1200238EB5 /* STZPullToRefresh */,
			);
			path = vendor;
			sourceTree = "<group>";
		};
		DAC1CAAB1D061F1200238EB5 /* STZPullToRefresh */ = {
			isa = PBXGroup;
			children = (
				DAC1CAAC1D061F1200238EB5 /* STZPullToRefresh.h */,
				DAC1CAAD1D061F1200238EB5 /* STZPullToRefresh.m */,
				DAC1CAAE1D061F1200238EB5 /* STZPullToRefreshView.h */,
				DAC1CAAF1D061F1200238EB5 /* STZPullToRefreshView.m */,
			);
			path = STZPullToRefresh;
			sourceTree = "<group>";
		};
		DAC1CACF1D06216400238EB5 /* aurorafilesaction */ = {
			isa = PBXGroup;
			children = (
				DAC1CADF1D062BF400238EB5 /* aurorafilesaction.entitlements */,
				DAC1CAD01D06216400238EB5 /* ActionViewController.h */,
				DAC1CAD11D06216400238EB5 /* ActionViewController.m */,
				DAC1CAD31D06216400238EB5 /* MainInterface.storyboard */,
				FF9053061D9B0E4D00A09A44 /* Supporting Files */,
				FF4255F31D7EDBC9009B2E56 /* Model */,
				FFFFA5D81D9A5395006BA9FB /* Gallery */,
				FF90530D1D9BDCD800A09A44 /* Upload Path */,
				DAC1CAD61D06216400238EB5 /* Info.plist */,
			);
			path = aurorafilesaction;
			sourceTree = "<group>";
		};
		FF4255F31D7EDBC9009B2E56 /* Model */ = {
			isa = PBXGroup;
			children = (
				FF4255F01D7EDBC0009B2E56 /* UploadedFile.h */,
				FF4255F11D7EDBC0009B2E56 /* UploadedFile.m */,
			);
			name = Model;
			sourceTree = "<group>";
		};
		FF4C76431DA7F21800AA5576 /* snapshotTest */ = {
			isa = PBXGroup;
			children = (
				FF4C764C1DA7F24100AA5576 /* SnapshotHelper.swift */,
				FF4C76441DA7F21800AA5576 /* snapshotTest.swift */,
				FF4C76461DA7F21800AA5576 /* Info.plist */,
			);
			path = snapshotTest;
			sourceTree = "<group>";
		};
		FF6A1D0E1DAD026F005CBA76 /* RootController */ = {
			isa = PBXGroup;
			children = (
				FF6A1D0B1DAD0265005CBA76 /* ARootViewController.h */,
				FF6A1D0C1DAD0265005CBA76 /* ARootViewController.m */,
			);
			name = RootController;
			sourceTree = "<group>";
		};
		FF71D4671DA33162008690D5 /* MLNetworkLogger */ = {
			isa = PBXGroup;
			children = (
				FF71D4691DA33162008690D5 /* Adapters */,
				FF71D4701DA33162008690D5 /* Filters */,
				FF71D4751DA33162008690D5 /* Loggers */,
				FF71D47F1DA33162008690D5 /* MLNetworkLogger.h */,
				FF71D4801DA33162008690D5 /* MLNetworkLogger.m */,
				FF71D4811DA33162008690D5 /* Protocol */,
			);
			name = MLNetworkLogger;
			path = ../Classes/Classes;
			sourceTree = "<group>";
		};
		FF71D4691DA33162008690D5 /* Adapters */ = {
			isa = PBXGroup;
			children = (
				FF71D46A1DA33162008690D5 /* AFNetworking */,
				FF71D46D1DA33162008690D5 /* Base */,
			);
			path = Adapters;
			sourceTree = "<group>";
		};
		FF71D46A1DA33162008690D5 /* AFNetworking */ = {
			isa = PBXGroup;
			children = (
				FF71D46B1DA33162008690D5 /* MLAFNetworkingAdapter.h */,
				FF71D46C1DA33162008690D5 /* MLAFNetworkingAdapter.m */,
			);
			path = AFNetworking;
			sourceTree = "<group>";
		};
		FF71D46D1DA33162008690D5 /* Base */ = {
			isa = PBXGroup;
			children = (
				FF71D46E1DA33162008690D5 /* MLNetworkLoggingAdapter.h */,
				FF71D46F1DA33162008690D5 /* MLNetworkLoggingAdapter.m */,
			);
			path = Base;
			sourceTree = "<group>";
		};
		FF71D4701DA33162008690D5 /* Filters */ = {
			isa = PBXGroup;
			children = (
				FF71D4711DA33162008690D5 /* By hostname */,
				FF71D4741DA33162008690D5 /* MLRequestFilter.h */,
			);
			path = Filters;
			sourceTree = "<group>";
		};
		FF71D4711DA33162008690D5 /* By hostname */ = {
			isa = PBXGroup;
			children = (
				FF71D4721DA33162008690D5 /* MLHostnameRequestFilter.h */,
				FF71D4731DA33162008690D5 /* MLHostnameRequestFilter.m */,
			);
			path = "By hostname";
			sourceTree = "<group>";
		};
		FF71D4751DA33162008690D5 /* Loggers */ = {
			isa = PBXGroup;
			children = (
				FF71D4761DA33162008690D5 /* Base */,
				FF71D4791DA33162008690D5 /* Factory */,
				FF71D47C1DA33162008690D5 /* HTTP(s) */,
			);
			path = Loggers;
			sourceTree = "<group>";
		};
		FF71D4761DA33162008690D5 /* Base */ = {
			isa = PBXGroup;
			children = (
				FF71D4771DA33162008690D5 /* MLNetworkTrafficDescriptionProvider.h */,
				FF71D4781DA33162008690D5 /* MLNetworkTrafficProcessor.h */,
			);
			path = Base;
			sourceTree = "<group>";
		};
		FF71D4791DA33162008690D5 /* Factory */ = {
			isa = PBXGroup;
			children = (
				FF71D47A1DA33162008690D5 /* MLNetworkLogFactory.h */,
				FF71D47B1DA33162008690D5 /* MLNetworkLogFactory.m */,
			);
			path = Factory;
			sourceTree = "<group>";
		};
		FF71D47C1DA33162008690D5 /* HTTP(s) */ = {
			isa = PBXGroup;
			children = (
				FF71D47D1DA33162008690D5 /* MLHTTPTrafficDescriptionProvider.h */,
				FF71D47E1DA33162008690D5 /* MLHTTPTrafficDescriptionProvider.m */,
			);
			path = "HTTP(s)";
			sourceTree = "<group>";
		};
		FF71D4811DA33162008690D5 /* Protocol */ = {
			isa = PBXGroup;
			children = (
				FF71D4821DA33162008690D5 /* MLLoggingProtocol.h */,
				FF71D4831DA33162008690D5 /* MLLoggingProtocol.m */,
			);
			path = Protocol;
			sourceTree = "<group>";
		};
		FF71D4D51DA3C851008690D5 /* AFNetworkActivityLogger */ = {
			isa = PBXGroup;
			children = (
				FF71D4D61DA3C851008690D5 /* AFNetworkActivityLogger.h */,
				FF71D4D71DA3C851008690D5 /* AFNetworkActivityLogger.m */,
			);
			path = AFNetworkActivityLogger;
			sourceTree = "<group>";
		};
		FF9053061D9B0E4D00A09A44 /* Supporting Files */ = {
			isa = PBXGroup;
			children = (
				FF9053021D9ADA4400A09A44 /* UIImage+ImageCompress.h */,
				FF9053031D9ADA4400A09A44 /* UIImage+ImageCompress.m */,
				FF9053051D9B0D4800A09A44 /* EXConstants.h */,
				FF9053071D9B1E9D00A09A44 /* NSObject+ScreenOrientation.h */,
				FF9053081D9B1E9D00A09A44 /* NSObject+ScreenOrientation.m */,
			);
			name = "Supporting Files";
			sourceTree = "<group>";
		};
		FF90530D1D9BDCD800A09A44 /* Upload Path */ = {
			isa = PBXGroup;
			children = (
				FF90530A1D9BDCCD00A09A44 /* CurrentFilePathViewController.h */,
				FF90530B1D9BDCCD00A09A44 /* CurrentFilePathViewController.m */,
				FF90536D1D9BF4EC00A09A44 /* UploadFoldersTableViewController.h */,
				FF90536E1D9BF4EC00A09A44 /* UploadFoldersTableViewController.m */,
				FF9053771D9C313C00A09A44 /* TabBarWrapperViewController.h */,
				FF9053781D9C313C00A09A44 /* TabBarWrapperViewController.m */,
			);
			name = "Upload Path";
			sourceTree = "<group>";
		};
		FFB959321DAE96F9008031B3 /* MBProgressHUD */ = {
			isa = PBXGroup;
			children = (
				FFB9592E1DAE96E8008031B3 /* MBProgressHUD.h */,
				FFB9592F1DAE96E8008031B3 /* MBProgressHUD.m */,
			);
			name = MBProgressHUD;
			sourceTree = "<group>";
		};
		FFFFA5D81D9A5395006BA9FB /* Gallery */ = {
			isa = PBXGroup;
			children = (
				FFFFA5D91D9A5395006BA9FB /* Cell */,
				FFFFA5DD1D9A5395006BA9FB /* EXFileGalleryCollectionViewController.h */,
				FFFFA5DE1D9A5395006BA9FB /* EXFileGalleryCollectionViewController.m */,
				FFFFA5E71D9A8655006BA9FB /* EXPreviewFileGalleryCollectionViewController.h */,
				FFFFA5E81D9A8655006BA9FB /* EXPreviewFileGalleryCollectionViewController.m */,
			);
			path = Gallery;
			sourceTree = "<group>";
		};
		FFFFA5D91D9A5395006BA9FB /* Cell */ = {
			isa = PBXGroup;
			children = (
				FFFFA5DA1D9A5395006BA9FB /* EXFileGalleryCollectionViewCell.h */,
				FFFFA5DB1D9A5395006BA9FB /* EXFileGalleryCollectionViewCell.m */,
				FFFFA5DC1D9A5395006BA9FB /* EXFileGalleryCollectionViewCell.xib */,
				FFFFA5E21D9A836C006BA9FB /* EXPreviewFileGalleryCollectionViewCell.h */,
				FFFFA5E31D9A836C006BA9FB /* EXPreviewFileGalleryCollectionViewCell.m */,
				FFFFA5E41D9A836C006BA9FB /* EXPreviewFileGalleryCollectionViewCell.xib */,
			);
			path = Cell;
			sourceTree = "<group>";
		};
/* End PBXGroup section */

/* Begin PBXNativeTarget section */
		DAC1CA331D061D7500238EB5 /* aurorafiles */ = {
			isa = PBXNativeTarget;
			buildConfigurationList = DAC1CA641D061D7500238EB5 /* Build configuration list for PBXNativeTarget "aurorafiles" */;
			buildPhases = (
				00E295B75C1D2FA436ECA871 /* [CP] Check Pods Manifest.lock */,
				DAC1CA301D061D7500238EB5 /* Sources */,
				DAC1CA311D061D7500238EB5 /* Frameworks */,
				DAC1CA321D061D7500238EB5 /* Resources */,
				DAC1CADD1D06216500238EB5 /* Embed App Extensions */,
				0C2A55710D49FC45EF3686A1 /* [CP] Embed Pods Frameworks */,
				58EDF7AD13B2CC14272CA5CC /* [CP] Copy Pods Resources */,
				DAC1CAE11D063E1F00238EB5 /* ShellScript */,
			);
			buildRules = (
			);
			dependencies = (
				DAC1CAD81D06216400238EB5 /* PBXTargetDependency */,
			);
			name = aurorafiles;
			productName = aurorafiles;
			productReference = DAC1CA341D061D7500238EB5 /* aurorafiles.app */;
			productType = "com.apple.product-type.application";
		};
		DAC1CA4F1D061D7500238EB5 /* aurorafilesTests */ = {
			isa = PBXNativeTarget;
			buildConfigurationList = DAC1CA671D061D7500238EB5 /* Build configuration list for PBXNativeTarget "aurorafilesTests" */;
			buildPhases = (
				B12480D8E612A6EF10571F49 /* [CP] Check Pods Manifest.lock */,
				DAC1CA4C1D061D7500238EB5 /* Sources */,
				DAC1CA4D1D061D7500238EB5 /* Frameworks */,
				DAC1CA4E1D061D7500238EB5 /* Resources */,
				BE7285ABA104F6E56ED291A9 /* [CP] Embed Pods Frameworks */,
				0BF260FA801834BBEA4A76CF /* [CP] Copy Pods Resources */,
			);
			buildRules = (
			);
			dependencies = (
				DAC1CA521D061D7500238EB5 /* PBXTargetDependency */,
			);
			name = aurorafilesTests;
			productName = aurorafilesTests;
			productReference = DAC1CA501D061D7500238EB5 /* aurorafilesTests.xctest */;
			productType = "com.apple.product-type.bundle.unit-test";
		};
		DAC1CA5A1D061D7500238EB5 /* aurorafilesUITests */ = {
			isa = PBXNativeTarget;
			buildConfigurationList = DAC1CA6A1D061D7500238EB5 /* Build configuration list for PBXNativeTarget "aurorafilesUITests" */;
			buildPhases = (
				A50829A76E8E782A11B38466 /* [CP] Check Pods Manifest.lock */,
				DAC1CA571D061D7500238EB5 /* Sources */,
				DAC1CA581D061D7500238EB5 /* Frameworks */,
				DAC1CA591D061D7500238EB5 /* Resources */,
				B1F23D19B033330F034A2C6E /* [CP] Copy Pods Resources */,
			);
			buildRules = (
			);
			dependencies = (
				DAC1CA5D1D061D7500238EB5 /* PBXTargetDependency */,
			);
			name = aurorafilesUITests;
			productName = aurorafilesUITests;
			productReference = DAC1CA5B1D061D7500238EB5 /* aurorafilesUITests.xctest */;
			productType = "com.apple.product-type.bundle.ui-testing";
		};
		DAC1CACD1D06216400238EB5 /* aurorafilesaction */ = {
			isa = PBXNativeTarget;
			buildConfigurationList = DAC1CADA1D06216500238EB5 /* Build configuration list for PBXNativeTarget "aurorafilesaction" */;
			buildPhases = (
				C9F37644A5C429C6CDBF9DC6 /* [CP] Check Pods Manifest.lock */,
				DAC1CACA1D06216400238EB5 /* Sources */,
				DAC1CACB1D06216400238EB5 /* Frameworks */,
				DAC1CACC1D06216400238EB5 /* Resources */,
				C85C44D633D5FFA612F29A06 /* [CP] Embed Pods Frameworks */,
				3847961D9D6C54609DC3D4E6 /* [CP] Copy Pods Resources */,
				DAC1CAE21D063E6900238EB5 /* ShellScript */,
			);
			buildRules = (
			);
			dependencies = (
			);
			name = aurorafilesaction;
			productName = aurorafilesaction;
			productReference = DAC1CACE1D06216400238EB5 /* aurorafilesaction.appex */;
			productType = "com.apple.product-type.app-extension";
		};
		FF4C76411DA7F21800AA5576 /* snapshotTest */ = {
			isa = PBXNativeTarget;
			buildConfigurationList = FF4C764B1DA7F21800AA5576 /* Build configuration list for PBXNativeTarget "snapshotTest" */;
			buildPhases = (
				FF4C763E1DA7F21800AA5576 /* Sources */,
				FF4C763F1DA7F21800AA5576 /* Frameworks */,
				FF4C76401DA7F21800AA5576 /* Resources */,
			);
			buildRules = (
			);
			dependencies = (
				FF4C76481DA7F21800AA5576 /* PBXTargetDependency */,
			);
			name = snapshotTest;
			productName = snapshotTest;
			productReference = FF4C76421DA7F21800AA5576 /* snapshotTest.xctest */;
			productType = "com.apple.product-type.bundle.ui-testing";
		};
/* End PBXNativeTarget section */

/* Begin PBXProject section */
		DAC1CA2C1D061D7500238EB5 /* Project object */ = {
			isa = PBXProject;
			attributes = {
				LastSwiftUpdateCheck = 0800;
				LastUpgradeCheck = 0800;
				ORGANIZATIONNAME = afterlogic;
				TargetAttributes = {
					DAC1CA331D061D7500238EB5 = {
						CreatedOnToolsVersion = 7.3.1;
						DevelopmentTeam = J7AW6VHJK4;
						SystemCapabilities = {
							com.apple.ApplicationGroups.iOS = {
								enabled = 1;
							};
							com.apple.BackgroundModes = {
								enabled = 1;
							};
						};
					};
					DAC1CA4F1D061D7500238EB5 = {
						CreatedOnToolsVersion = 7.3.1;
						TestTargetID = DAC1CA331D061D7500238EB5;
					};
					DAC1CA5A1D061D7500238EB5 = {
						CreatedOnToolsVersion = 7.3.1;
						TestTargetID = DAC1CA331D061D7500238EB5;
					};
					DAC1CACD1D06216400238EB5 = {
						CreatedOnToolsVersion = 7.3.1;
						DevelopmentTeam = J7AW6VHJK4;
						SystemCapabilities = {
							com.apple.ApplicationGroups.iOS = {
								enabled = 1;
							};
						};
					};
					FF4C76411DA7F21800AA5576 = {
						CreatedOnToolsVersion = 8.0;
						DevelopmentTeam = J7AW6VHJK4;
						ProvisioningStyle = Automatic;
						TestTargetID = DAC1CA331D061D7500238EB5;
					};
				};
			};
			buildConfigurationList = DAC1CA2F1D061D7500238EB5 /* Build configuration list for PBXProject "aurorafiles" */;
			compatibilityVersion = "Xcode 3.2";
			developmentRegion = English;
			hasScannedForEncodings = 0;
			knownRegions = (
				en,
				Base,
			);
			mainGroup = DAC1CA2B1D061D7500238EB5;
			productRefGroup = DAC1CA351D061D7500238EB5 /* Products */;
			projectDirPath = "";
			projectRoot = "";
			targets = (
				DAC1CA331D061D7500238EB5 /* aurorafiles */,
				DAC1CA4F1D061D7500238EB5 /* aurorafilesTests */,
				DAC1CA5A1D061D7500238EB5 /* aurorafilesUITests */,
				DAC1CACD1D06216400238EB5 /* aurorafilesaction */,
				FF4C76411DA7F21800AA5576 /* snapshotTest */,
			);
		};
/* End PBXProject section */

/* Begin PBXResourcesBuildPhase section */
		DAC1CA321D061D7500238EB5 /* Resources */ = {
			isa = PBXResourcesBuildPhase;
			buildActionMask = 2147483647;
			files = (
				DAC1CA761D061EF800238EB5 /* Images.xcassets in Resources */,
				DAC1CABC1D061F1200238EB5 /* FileGalleryCollectionViewCell.xib in Resources */,
				DAC1CA471D061D7500238EB5 /* Assets.xcassets in Resources */,
				DAC1CAC91D061F6200238EB5 /* LaunchScreen.storyboard in Resources */,
				DAC1CAB81D061F1200238EB5 /* FilesTableViewCell.xib in Resources */,
				DAC1CA421D061D7500238EB5 /* Main.storyboard in Resources */,
			);
			runOnlyForDeploymentPostprocessing = 0;
		};
		DAC1CA4E1D061D7500238EB5 /* Resources */ = {
			isa = PBXResourcesBuildPhase;
			buildActionMask = 2147483647;
			files = (
			);
			runOnlyForDeploymentPostprocessing = 0;
		};
		DAC1CA591D061D7500238EB5 /* Resources */ = {
			isa = PBXResourcesBuildPhase;
			buildActionMask = 2147483647;
			files = (
			);
			runOnlyForDeploymentPostprocessing = 0;
		};
		DAC1CACC1D06216400238EB5 /* Resources */ = {
			isa = PBXResourcesBuildPhase;
			buildActionMask = 2147483647;
			files = (
				DAC1CAE01D06396A00238EB5 /* Images.xcassets in Resources */,
				FF9053711D9BFCAA00A09A44 /* FilesTableViewCell.xib in Resources */,
				DAC1CAD51D06216400238EB5 /* MainInterface.storyboard in Resources */,
				FFFFA5E01D9A5395006BA9FB /* EXFileGalleryCollectionViewCell.xib in Resources */,
				FFFFA5E61D9A836C006BA9FB /* EXPreviewFileGalleryCollectionViewCell.xib in Resources */,
			);
			runOnlyForDeploymentPostprocessing = 0;
		};
		FF4C76401DA7F21800AA5576 /* Resources */ = {
			isa = PBXResourcesBuildPhase;
			buildActionMask = 2147483647;
			files = (
			);
			runOnlyForDeploymentPostprocessing = 0;
		};
/* End PBXResourcesBuildPhase section */

/* Begin PBXShellScriptBuildPhase section */
		00E295B75C1D2FA436ECA871 /* [CP] Check Pods Manifest.lock */ = {
			isa = PBXShellScriptBuildPhase;
			buildActionMask = 2147483647;
			files = (
			);
			inputPaths = (
			);
			name = "[CP] Check Pods Manifest.lock";
			outputPaths = (
			);
			runOnlyForDeploymentPostprocessing = 0;
			shellPath = /bin/sh;
			shellScript = "diff \"${PODS_ROOT}/../Podfile.lock\" \"${PODS_ROOT}/Manifest.lock\" > /dev/null\nif [[ $? != 0 ]] ; then\n    cat << EOM\nerror: The sandbox is not in sync with the Podfile.lock. Run 'pod install' or update your CocoaPods installation.\nEOM\n    exit 1\nfi\n";
			showEnvVarsInLog = 0;
		};
		0BF260FA801834BBEA4A76CF /* [CP] Copy Pods Resources */ = {
			isa = PBXShellScriptBuildPhase;
			buildActionMask = 2147483647;
			files = (
			);
			inputPaths = (
			);
			name = "[CP] Copy Pods Resources";
			outputPaths = (
			);
			runOnlyForDeploymentPostprocessing = 0;
			shellPath = /bin/sh;
			shellScript = "\"${SRCROOT}/Pods/Target Support Files/Pods-aurorafilesTests/Pods-aurorafilesTests-resources.sh\"\n";
			showEnvVarsInLog = 0;
		};
		0C2A55710D49FC45EF3686A1 /* [CP] Embed Pods Frameworks */ = {
			isa = PBXShellScriptBuildPhase;
			buildActionMask = 2147483647;
			files = (
			);
			inputPaths = (
			);
			name = "[CP] Embed Pods Frameworks";
			outputPaths = (
			);
			runOnlyForDeploymentPostprocessing = 0;
			shellPath = /bin/sh;
			shellScript = "\"${SRCROOT}/Pods/Target Support Files/Pods-aurorafiles/Pods-aurorafiles-frameworks.sh\"\n";
			showEnvVarsInLog = 0;
		};
		3847961D9D6C54609DC3D4E6 /* [CP] Copy Pods Resources */ = {
			isa = PBXShellScriptBuildPhase;
			buildActionMask = 2147483647;
			files = (
			);
			inputPaths = (
			);
			name = "[CP] Copy Pods Resources";
			outputPaths = (
			);
			runOnlyForDeploymentPostprocessing = 0;
			shellPath = /bin/sh;
			shellScript = "\"${SRCROOT}/Pods/Target Support Files/Pods-aurorafilesaction/Pods-aurorafilesaction-resources.sh\"\n";
			showEnvVarsInLog = 0;
		};
		58EDF7AD13B2CC14272CA5CC /* [CP] Copy Pods Resources */ = {
			isa = PBXShellScriptBuildPhase;
			buildActionMask = 2147483647;
			files = (
			);
			inputPaths = (
			);
			name = "[CP] Copy Pods Resources";
			outputPaths = (
			);
			runOnlyForDeploymentPostprocessing = 0;
			shellPath = /bin/sh;
			shellScript = "\"${SRCROOT}/Pods/Target Support Files/Pods-aurorafiles/Pods-aurorafiles-resources.sh\"\n";
			showEnvVarsInLog = 0;
		};
		A50829A76E8E782A11B38466 /* [CP] Check Pods Manifest.lock */ = {
			isa = PBXShellScriptBuildPhase;
			buildActionMask = 2147483647;
			files = (
			);
			inputPaths = (
			);
			name = "[CP] Check Pods Manifest.lock";
			outputPaths = (
			);
			runOnlyForDeploymentPostprocessing = 0;
			shellPath = /bin/sh;
			shellScript = "diff \"${PODS_ROOT}/../Podfile.lock\" \"${PODS_ROOT}/Manifest.lock\" > /dev/null\nif [[ $? != 0 ]] ; then\n    cat << EOM\nerror: The sandbox is not in sync with the Podfile.lock. Run 'pod install' or update your CocoaPods installation.\nEOM\n    exit 1\nfi\n";
			showEnvVarsInLog = 0;
		};
		B12480D8E612A6EF10571F49 /* [CP] Check Pods Manifest.lock */ = {
			isa = PBXShellScriptBuildPhase;
			buildActionMask = 2147483647;
			files = (
			);
			inputPaths = (
			);
			name = "[CP] Check Pods Manifest.lock";
			outputPaths = (
			);
			runOnlyForDeploymentPostprocessing = 0;
			shellPath = /bin/sh;
			shellScript = "diff \"${PODS_ROOT}/../Podfile.lock\" \"${PODS_ROOT}/Manifest.lock\" > /dev/null\nif [[ $? != 0 ]] ; then\n    cat << EOM\nerror: The sandbox is not in sync with the Podfile.lock. Run 'pod install' or update your CocoaPods installation.\nEOM\n    exit 1\nfi\n";
			showEnvVarsInLog = 0;
		};
		B1F23D19B033330F034A2C6E /* [CP] Copy Pods Resources */ = {
			isa = PBXShellScriptBuildPhase;
			buildActionMask = 2147483647;
			files = (
			);
			inputPaths = (
			);
			name = "[CP] Copy Pods Resources";
			outputPaths = (
			);
			runOnlyForDeploymentPostprocessing = 0;
			shellPath = /bin/sh;
			shellScript = "\"${SRCROOT}/Pods/Target Support Files/Pods-aurorafilesUITests/Pods-aurorafilesUITests-resources.sh\"\n";
			showEnvVarsInLog = 0;
		};
		BE7285ABA104F6E56ED291A9 /* [CP] Embed Pods Frameworks */ = {
			isa = PBXShellScriptBuildPhase;
			buildActionMask = 2147483647;
			files = (
			);
			inputPaths = (
			);
			name = "[CP] Embed Pods Frameworks";
			outputPaths = (
			);
			runOnlyForDeploymentPostprocessing = 0;
			shellPath = /bin/sh;
			shellScript = "\"${SRCROOT}/Pods/Target Support Files/Pods-aurorafilesTests/Pods-aurorafilesTests-frameworks.sh\"\n";
			showEnvVarsInLog = 0;
		};
		C85C44D633D5FFA612F29A06 /* [CP] Embed Pods Frameworks */ = {
			isa = PBXShellScriptBuildPhase;
			buildActionMask = 2147483647;
			files = (
			);
			inputPaths = (
			);
			name = "[CP] Embed Pods Frameworks";
			outputPaths = (
			);
			runOnlyForDeploymentPostprocessing = 0;
			shellPath = /bin/sh;
			shellScript = "\"${SRCROOT}/Pods/Target Support Files/Pods-aurorafilesaction/Pods-aurorafilesaction-frameworks.sh\"\n";
			showEnvVarsInLog = 0;
		};
		C9F37644A5C429C6CDBF9DC6 /* [CP] Check Pods Manifest.lock */ = {
			isa = PBXShellScriptBuildPhase;
			buildActionMask = 2147483647;
			files = (
			);
			inputPaths = (
			);
			name = "[CP] Check Pods Manifest.lock";
			outputPaths = (
			);
			runOnlyForDeploymentPostprocessing = 0;
			shellPath = /bin/sh;
			shellScript = "diff \"${PODS_ROOT}/../Podfile.lock\" \"${PODS_ROOT}/Manifest.lock\" > /dev/null\nif [[ $? != 0 ]] ; then\n    cat << EOM\nerror: The sandbox is not in sync with the Podfile.lock. Run 'pod install' or update your CocoaPods installation.\nEOM\n    exit 1\nfi\n";
			showEnvVarsInLog = 0;
		};
		DAC1CAE11D063E1F00238EB5 /* ShellScript */ = {
			isa = PBXShellScriptBuildPhase;
			buildActionMask = 2147483647;
			files = (
			);
			inputPaths = (
			);
			outputPaths = (
			);
			runOnlyForDeploymentPostprocessing = 0;
			shellPath = /bin/sh;
			shellScript = "";
		};
		DAC1CAE21D063E6900238EB5 /* ShellScript */ = {
			isa = PBXShellScriptBuildPhase;
			buildActionMask = 2147483647;
			files = (
			);
			inputPaths = (
			);
			outputPaths = (
			);
			runOnlyForDeploymentPostprocessing = 0;
			shellPath = /bin/sh;
			shellScript = "cd \"${CONFIGURATION_BUILD_DIR}/${UNLOCALIZED_RESOURCES_FOLDER_PATH}/\"\nif [[ -d \"Frameworks\" ]]; then\nrm -fr Frameworks\nfi";
		};
/* End PBXShellScriptBuildPhase section */

/* Begin PBXSourcesBuildPhase section */
		DAC1CA301D061D7500238EB5 /* Sources */ = {
			isa = PBXSourcesBuildPhase;
			buildActionMask = 2147483647;
			files = (
				FF71D4921DA33162008690D5 /* MLLoggingProtocol.m in Sources */,
				FF3202601DACF2F7008F3B6A /* ANavigationController.m in Sources */,
				FF71D48C1DA33162008690D5 /* MLNetworkLogFactory.m in Sources */,
				DAC1CA451D061D7500238EB5 /* aurorafiles.xcdatamodeld in Sources */,
				DAC1CAB71D061F1200238EB5 /* FilesTableViewCell.m in Sources */,
				FF8A21E21D53ECAD006EBE36 /* ConnectionProvider.m in Sources */,
				FFB9592C1DAD3B6D008031B3 /* UPDFilesViewController.m in Sources */,
				FFB959351DAF8C74008031B3 /* NSObject+PerformSelectorWithCallback.m in Sources */,
				DAC1CABE1D061F1200238EB5 /* ViewImageController.m in Sources */,
				FF7F443E1DA1936E00B12E35 /* NSString+URLEncode.m in Sources */,
				DAC1CABF1D061F1200238EB5 /* SignInViewController.m in Sources */,
				FF71D4901DA33162008690D5 /* MLNetworkLogger.m in Sources */,
				DAC1CABD1D061F1200238EB5 /* FileGalleryCollectionViewController.m in Sources */,
				DAC1CA3C1D061D7500238EB5 /* AppDelegate.m in Sources */,
				DAC1CAC31D061F1200238EB5 /* STZPullToRefresh.m in Sources */,
				FF71D4881DA33162008690D5 /* MLNetworkLoggingAdapter.m in Sources */,
				DAC1CAB91D061F1200238EB5 /* FileDetailViewController.m in Sources */,
				DAC1CAC11D061F1200238EB5 /* Folder+CoreDataProperties.m in Sources */,
				DAC1CAB01D061F1200238EB5 /* API.m in Sources */,
				DAC1CAC01D061F1200238EB5 /* ALTableViewController.m in Sources */,
				DAC1CABB1D061F1200238EB5 /* FileGalleryCollectionViewCell.m in Sources */,
				FF71D48E1DA33162008690D5 /* MLHTTPTrafficDescriptionProvider.m in Sources */,
				DAC1CAB61D061F1200238EB5 /* UITextFieldCustomEdges.m in Sources */,
				FFB959301DAE96E8008031B3 /* MBProgressHUD.m in Sources */,
				FFB959391DAF96D8008031B3 /* NSString+transferedValues.m in Sources */,
				DAC1CAB21D061F1200238EB5 /* KeychainWrapper.m in Sources */,
				FF6A1D0D1DAD0265005CBA76 /* ARootViewController.m in Sources */,
				DA37112D1D21EFFA0067B124 /* DownloadsTableViewController.m in Sources */,
				FF71D4861DA33162008690D5 /* MLAFNetworkingAdapter.m in Sources */,
				DAC1CAB11D061F1200238EB5 /* UIImage+Aurora.m in Sources */,
				FF71D4D81DA3C851008690D5 /* AFNetworkActivityLogger.m in Sources */,
				DAC1CA391D061D7500238EB5 /* main.m in Sources */,
				DAC1CAB51D061F1200238EB5 /* StorageManager.m in Sources */,
				DAC1CABA1D061F1200238EB5 /* FilesViewController.m in Sources */,
				DAC1CAC41D061F1200238EB5 /* STZPullToRefreshView.m in Sources */,
				DAC1CAB41D061F1200238EB5 /* Settings.m in Sources */,
				DAC1CAB31D061F1200238EB5 /* SessionProvider.m in Sources */,
				DAC1CAC21D061F1200238EB5 /* Folder.m in Sources */,
				FF71D48A1DA33162008690D5 /* MLHostnameRequestFilter.m in Sources */,
			);
			runOnlyForDeploymentPostprocessing = 0;
		};
		DAC1CA4C1D061D7500238EB5 /* Sources */ = {
			isa = PBXSourcesBuildPhase;
			buildActionMask = 2147483647;
			files = (
				DAC1CA551D061D7500238EB5 /* aurorafilesTests.m in Sources */,
			);
			runOnlyForDeploymentPostprocessing = 0;
		};
		DAC1CA571D061D7500238EB5 /* Sources */ = {
			isa = PBXSourcesBuildPhase;
			buildActionMask = 2147483647;
			files = (
				DAC1CA601D061D7500238EB5 /* aurorafilesUITests.m in Sources */,
			);
			runOnlyForDeploymentPostprocessing = 0;
		};
		DAC1CACA1D06216400238EB5 /* Sources */ = {
			isa = PBXSourcesBuildPhase;
			buildActionMask = 2147483647;
			files = (
				FF71D4891DA33162008690D5 /* MLNetworkLoggingAdapter.m in Sources */,
				FFB9593A1DAF96D8008031B3 /* NSString+transferedValues.m in Sources */,
				FFFFA5DF1D9A5395006BA9FB /* EXFileGalleryCollectionViewCell.m in Sources */,
				DAC1CAD21D06216400238EB5 /* ActionViewController.m in Sources */,
				FFB959361DAF8C74008031B3 /* NSObject+PerformSelectorWithCallback.m in Sources */,
				FFFFA5E51D9A836C006BA9FB /* EXPreviewFileGalleryCollectionViewCell.m in Sources */,
				FF71D4871DA33162008690D5 /* MLAFNetworkingAdapter.m in Sources */,
				FF71D48B1DA33162008690D5 /* MLHostnameRequestFilter.m in Sources */,
				FF71D48D1DA33162008690D5 /* MLNetworkLogFactory.m in Sources */,
				FF9053041D9ADA4400A09A44 /* UIImage+ImageCompress.m in Sources */,
				FF71D4D91DA3C851008690D5 /* AFNetworkActivityLogger.m in Sources */,
				FFFFA5E91D9A8655006BA9FB /* EXPreviewFileGalleryCollectionViewController.m in Sources */,
				FF7F443F1DA1936E00B12E35 /* NSString+URLEncode.m in Sources */,
				FF9053701D9BFC9900A09A44 /* FilesTableViewCell.m in Sources */,
				FF9053731D9C012D00A09A44 /* API.m in Sources */,
				FF71D48F1DA33162008690D5 /* MLHTTPTrafficDescriptionProvider.m in Sources */,
				FF9053751D9C02EE00A09A44 /* StorageManager.m in Sources */,
				FFB959311DAE96E8008031B3 /* MBProgressHUD.m in Sources */,
				FF71D4931DA33162008690D5 /* MLLoggingProtocol.m in Sources */,
				FF90536F1D9BF4EC00A09A44 /* UploadFoldersTableViewController.m in Sources */,
				FF9053101D9BE55800A09A44 /* Folder.m in Sources */,
				FF90530F1D9BE55800A09A44 /* Folder+CoreDataProperties.m in Sources */,
				FF42561B1D7F95DD009B2E56 /* Settings.m in Sources */,
				FF9053761D9C03EF00A09A44 /* UIImage+Aurora.m in Sources */,
				FF4255F21D7EDBC0009B2E56 /* UploadedFile.m in Sources */,
				FF9053091D9B1E9D00A09A44 /* NSObject+ScreenOrientation.m in Sources */,
				FF90530E1D9BE53400A09A44 /* aurorafiles.xcdatamodeld in Sources */,
				FF71D4911DA33162008690D5 /* MLNetworkLogger.m in Sources */,
				FF9053741D9C02E600A09A44 /* ConnectionProvider.m in Sources */,
				FF90530C1D9BDCCD00A09A44 /* CurrentFilePathViewController.m in Sources */,
				FF9053721D9C011700A09A44 /* SessionProvider.m in Sources */,
				FF9053791D9C313C00A09A44 /* TabBarWrapperViewController.m in Sources */,
				FFFFA5E11D9A5395006BA9FB /* EXFileGalleryCollectionViewController.m in Sources */,
			);
			runOnlyForDeploymentPostprocessing = 0;
		};
		FF4C763E1DA7F21800AA5576 /* Sources */ = {
			isa = PBXSourcesBuildPhase;
			buildActionMask = 2147483647;
			files = (
				FF4C76451DA7F21800AA5576 /* snapshotTest.swift in Sources */,
				FF4C764D1DA7F24100AA5576 /* SnapshotHelper.swift in Sources */,
			);
			runOnlyForDeploymentPostprocessing = 0;
		};
/* End PBXSourcesBuildPhase section */

/* Begin PBXTargetDependency section */
		DAC1CA521D061D7500238EB5 /* PBXTargetDependency */ = {
			isa = PBXTargetDependency;
			target = DAC1CA331D061D7500238EB5 /* aurorafiles */;
			targetProxy = DAC1CA511D061D7500238EB5 /* PBXContainerItemProxy */;
		};
		DAC1CA5D1D061D7500238EB5 /* PBXTargetDependency */ = {
			isa = PBXTargetDependency;
			target = DAC1CA331D061D7500238EB5 /* aurorafiles */;
			targetProxy = DAC1CA5C1D061D7500238EB5 /* PBXContainerItemProxy */;
		};
		DAC1CAD81D06216400238EB5 /* PBXTargetDependency */ = {
			isa = PBXTargetDependency;
			target = DAC1CACD1D06216400238EB5 /* aurorafilesaction */;
			targetProxy = DAC1CAD71D06216400238EB5 /* PBXContainerItemProxy */;
		};
		FF4C76481DA7F21800AA5576 /* PBXTargetDependency */ = {
			isa = PBXTargetDependency;
			target = DAC1CA331D061D7500238EB5 /* aurorafiles */;
			targetProxy = FF4C76471DA7F21800AA5576 /* PBXContainerItemProxy */;
		};
/* End PBXTargetDependency section */

/* Begin PBXVariantGroup section */
		DAC1CA401D061D7500238EB5 /* Main.storyboard */ = {
			isa = PBXVariantGroup;
			children = (
				DAC1CA411D061D7500238EB5 /* Base */,
			);
			name = Main.storyboard;
			sourceTree = "<group>";
		};
		DAC1CAD31D06216400238EB5 /* MainInterface.storyboard */ = {
			isa = PBXVariantGroup;
			children = (
				DAC1CAD41D06216400238EB5 /* Base */,
			);
			name = MainInterface.storyboard;
			sourceTree = "<group>";
		};
/* End PBXVariantGroup section */

/* Begin XCBuildConfiguration section */
		DAC1CA621D061D7500238EB5 /* Debug */ = {
			isa = XCBuildConfiguration;
			buildSettings = {
				ALWAYS_SEARCH_USER_PATHS = NO;
				CLANG_ANALYZER_NONNULL = YES;
				CLANG_CXX_LANGUAGE_STANDARD = "gnu++0x";
				CLANG_CXX_LIBRARY = "libc++";
				CLANG_ENABLE_MODULES = YES;
				CLANG_ENABLE_OBJC_ARC = YES;
				CLANG_WARN_BOOL_CONVERSION = YES;
				CLANG_WARN_CONSTANT_CONVERSION = YES;
				CLANG_WARN_DIRECT_OBJC_ISA_USAGE = YES_ERROR;
				CLANG_WARN_EMPTY_BODY = YES;
				CLANG_WARN_ENUM_CONVERSION = YES;
				CLANG_WARN_INFINITE_RECURSION = YES;
				CLANG_WARN_INT_CONVERSION = YES;
				CLANG_WARN_OBJC_ROOT_CLASS = YES_ERROR;
				CLANG_WARN_SUSPICIOUS_MOVE = YES;
				CLANG_WARN_UNREACHABLE_CODE = YES;
				CLANG_WARN__DUPLICATE_METHOD_MATCH = YES;
				CODE_SIGN_IDENTITY = "iPhone Developer";
				"CODE_SIGN_IDENTITY[sdk=iphoneos*]" = "iPhone Developer";
				COPY_PHASE_STRIP = NO;
				DEBUG_INFORMATION_FORMAT = dwarf;
				ENABLE_STRICT_OBJC_MSGSEND = YES;
				ENABLE_TESTABILITY = YES;
				GCC_C_LANGUAGE_STANDARD = gnu99;
				GCC_DYNAMIC_NO_PIC = NO;
				GCC_NO_COMMON_BLOCKS = YES;
				GCC_OPTIMIZATION_LEVEL = 0;
				GCC_PREPROCESSOR_DEFINITIONS = (
					"DEBUG=1",
					"$(inherited)",
				);
				GCC_WARN_64_TO_32_BIT_CONVERSION = YES;
				GCC_WARN_ABOUT_RETURN_TYPE = YES_ERROR;
				GCC_WARN_UNDECLARED_SELECTOR = YES;
				GCC_WARN_UNINITIALIZED_AUTOS = YES_AGGRESSIVE;
				GCC_WARN_UNUSED_FUNCTION = YES;
				GCC_WARN_UNUSED_VARIABLE = YES;
				IPHONEOS_DEPLOYMENT_TARGET = 8.0;
				MTL_ENABLE_DEBUG_INFO = YES;
				ONLY_ACTIVE_ARCH = YES;
				SDKROOT = iphoneos;
			};
			name = Debug;
		};
		DAC1CA631D061D7500238EB5 /* Release */ = {
			isa = XCBuildConfiguration;
			buildSettings = {
				ALWAYS_SEARCH_USER_PATHS = NO;
				CLANG_ANALYZER_NONNULL = YES;
				CLANG_CXX_LANGUAGE_STANDARD = "gnu++0x";
				CLANG_CXX_LIBRARY = "libc++";
				CLANG_ENABLE_MODULES = YES;
				CLANG_ENABLE_OBJC_ARC = YES;
				CLANG_WARN_BOOL_CONVERSION = YES;
				CLANG_WARN_CONSTANT_CONVERSION = YES;
				CLANG_WARN_DIRECT_OBJC_ISA_USAGE = YES_ERROR;
				CLANG_WARN_EMPTY_BODY = YES;
				CLANG_WARN_ENUM_CONVERSION = YES;
				CLANG_WARN_INFINITE_RECURSION = YES;
				CLANG_WARN_INT_CONVERSION = YES;
				CLANG_WARN_OBJC_ROOT_CLASS = YES_ERROR;
				CLANG_WARN_SUSPICIOUS_MOVE = YES;
				CLANG_WARN_UNREACHABLE_CODE = YES;
				CLANG_WARN__DUPLICATE_METHOD_MATCH = YES;
				CODE_SIGN_IDENTITY = "iPhone Distribution";
				"CODE_SIGN_IDENTITY[sdk=iphoneos*]" = "iPhone Distribution";
				COPY_PHASE_STRIP = NO;
				DEBUG_INFORMATION_FORMAT = "dwarf-with-dsym";
				ENABLE_NS_ASSERTIONS = NO;
				ENABLE_STRICT_OBJC_MSGSEND = YES;
				GCC_C_LANGUAGE_STANDARD = gnu99;
				GCC_NO_COMMON_BLOCKS = YES;
				GCC_WARN_64_TO_32_BIT_CONVERSION = YES;
				GCC_WARN_ABOUT_RETURN_TYPE = YES_ERROR;
				GCC_WARN_UNDECLARED_SELECTOR = YES;
				GCC_WARN_UNINITIALIZED_AUTOS = YES_AGGRESSIVE;
				GCC_WARN_UNUSED_FUNCTION = YES;
				GCC_WARN_UNUSED_VARIABLE = YES;
				IPHONEOS_DEPLOYMENT_TARGET = 8.0;
				MTL_ENABLE_DEBUG_INFO = NO;
				SDKROOT = iphoneos;
				VALIDATE_PRODUCT = YES;
			};
			name = Release;
		};
		DAC1CA651D061D7500238EB5 /* Debug */ = {
			isa = XCBuildConfiguration;
			baseConfigurationReference = 44B835F02F7C822DF64B167D /* Pods-aurorafiles.debug.xcconfig */;
			buildSettings = {
				ASSETCATALOG_COMPILER_APPICON_NAME = AppIcon;
				CODE_SIGN_ENTITLEMENTS = aurorafiles/aurorafiles.entitlements;
				CODE_SIGN_IDENTITY = "iPhone Developer";
				"CODE_SIGN_IDENTITY[sdk=iphoneos*]" = "iPhone Developer";
				CURRENT_PROJECT_VERSION = 44;
				INFOPLIST_FILE = aurorafiles/Info.plist;
				LD_RUNPATH_SEARCH_PATHS = "$(inherited) @executable_path/Frameworks";
				PRODUCT_BUNDLE_IDENTIFIER = com.afterlogic.aurorafiles;
				PRODUCT_NAME = "$(TARGET_NAME)";
				PROVISIONING_PROFILE = "";
				VERSIONING_SYSTEM = "apple-generic";
			};
			name = Debug;
		};
		DAC1CA661D061D7500238EB5 /* Release */ = {
			isa = XCBuildConfiguration;
			baseConfigurationReference = DBF6A930DEE89149D39B93A1 /* Pods-aurorafiles.release.xcconfig */;
			buildSettings = {
				ASSETCATALOG_COMPILER_APPICON_NAME = AppIcon;
				CODE_SIGN_ENTITLEMENTS = aurorafiles/aurorafiles.entitlements;
				CODE_SIGN_IDENTITY = "iPhone Developer";
				"CODE_SIGN_IDENTITY[sdk=iphoneos*]" = "iPhone Developer";
				CURRENT_PROJECT_VERSION = 44;
				INFOPLIST_FILE = aurorafiles/Info.plist;
				LD_RUNPATH_SEARCH_PATHS = "$(inherited) @executable_path/Frameworks";
				PRODUCT_BUNDLE_IDENTIFIER = com.afterlogic.aurorafiles;
				PRODUCT_NAME = "$(TARGET_NAME)";
				PROVISIONING_PROFILE = "";
				VERSIONING_SYSTEM = "apple-generic";
			};
			name = Release;
		};
		DAC1CA681D061D7500238EB5 /* Debug */ = {
			isa = XCBuildConfiguration;
			baseConfigurationReference = 6AD1261A834FCA3EE032095E /* Pods-aurorafilesTests.debug.xcconfig */;
			buildSettings = {
				BUNDLE_LOADER = "$(TEST_HOST)";
				INFOPLIST_FILE = aurorafilesTests/Info.plist;
				LD_RUNPATH_SEARCH_PATHS = "$(inherited) @executable_path/Frameworks @loader_path/Frameworks";
				PRODUCT_BUNDLE_IDENTIFIER = com.afterlogic.aurorafilesTests;
				PRODUCT_NAME = "$(TARGET_NAME)";
				TEST_HOST = "$(BUILT_PRODUCTS_DIR)/aurorafiles.app/aurorafiles";
			};
			name = Debug;
		};
		DAC1CA691D061D7500238EB5 /* Release */ = {
			isa = XCBuildConfiguration;
			baseConfigurationReference = B19E38E5DEE3D20DDA6C932A /* Pods-aurorafilesTests.release.xcconfig */;
			buildSettings = {
				BUNDLE_LOADER = "$(TEST_HOST)";
				INFOPLIST_FILE = aurorafilesTests/Info.plist;
				LD_RUNPATH_SEARCH_PATHS = "$(inherited) @executable_path/Frameworks @loader_path/Frameworks";
				PRODUCT_BUNDLE_IDENTIFIER = com.afterlogic.aurorafilesTests;
				PRODUCT_NAME = "$(TARGET_NAME)";
				TEST_HOST = "$(BUILT_PRODUCTS_DIR)/aurorafiles.app/aurorafiles";
			};
			name = Release;
		};
		DAC1CA6B1D061D7500238EB5 /* Debug */ = {
			isa = XCBuildConfiguration;
			baseConfigurationReference = C91918B3233CA24FA894C5BA /* Pods-aurorafilesUITests.debug.xcconfig */;
			buildSettings = {
				INFOPLIST_FILE = aurorafilesUITests/Info.plist;
				LD_RUNPATH_SEARCH_PATHS = "$(inherited) @executable_path/Frameworks @loader_path/Frameworks";
				PRODUCT_BUNDLE_IDENTIFIER = com.afterlogic.aurorafilesUITests;
				PRODUCT_NAME = "$(TARGET_NAME)";
				TEST_TARGET_NAME = aurorafiles;
			};
			name = Debug;
		};
		DAC1CA6C1D061D7500238EB5 /* Release */ = {
			isa = XCBuildConfiguration;
			baseConfigurationReference = C47D8E374DB7A72138B7779D /* Pods-aurorafilesUITests.release.xcconfig */;
			buildSettings = {
				INFOPLIST_FILE = aurorafilesUITests/Info.plist;
				LD_RUNPATH_SEARCH_PATHS = "$(inherited) @executable_path/Frameworks @loader_path/Frameworks";
				PRODUCT_BUNDLE_IDENTIFIER = com.afterlogic.aurorafilesUITests;
				PRODUCT_NAME = "$(TARGET_NAME)";
				TEST_TARGET_NAME = aurorafiles;
			};
			name = Release;
		};
		DAC1CADB1D06216500238EB5 /* Debug */ = {
			isa = XCBuildConfiguration;
			baseConfigurationReference = 84A85DBE2F43D9A7108DF1C4 /* Pods-aurorafilesaction.debug.xcconfig */;
			buildSettings = {
				ASSETCATALOG_COMPILER_APPICON_NAME = AppIconExtension;
				CODE_SIGN_ENTITLEMENTS = aurorafilesaction/aurorafilesaction.entitlements;
				CODE_SIGN_IDENTITY = "iPhone Developer";
				"CODE_SIGN_IDENTITY[sdk=iphoneos*]" = "iPhone Developer";
				CURRENT_PROJECT_VERSION = 44;
				INFOPLIST_FILE = aurorafilesaction/Info.plist;
				LD_RUNPATH_SEARCH_PATHS = "$(inherited) @executable_path/Frameworks @executable_path/../../Frameworks";
				PRODUCT_BUNDLE_IDENTIFIER = com.afterlogic.aurorafiles.aurorafilesaction;
				PRODUCT_NAME = "$(TARGET_NAME)";
				PROVISIONING_PROFILE = "";
				SKIP_INSTALL = YES;
			};
			name = Debug;
		};
		DAC1CADC1D06216500238EB5 /* Release */ = {
			isa = XCBuildConfiguration;
			baseConfigurationReference = AAC51FCFDBDAF37334758A68 /* Pods-aurorafilesaction.release.xcconfig */;
			buildSettings = {
				ASSETCATALOG_COMPILER_APPICON_NAME = AppIconExtension;
				CODE_SIGN_ENTITLEMENTS = aurorafilesaction/aurorafilesaction.entitlements;
				CODE_SIGN_IDENTITY = "iPhone Developer";
				"CODE_SIGN_IDENTITY[sdk=iphoneos*]" = "iPhone Developer";
				CURRENT_PROJECT_VERSION = 44;
				INFOPLIST_FILE = aurorafilesaction/Info.plist;
				LD_RUNPATH_SEARCH_PATHS = "$(inherited) @executable_path/Frameworks @executable_path/../../Frameworks";
				PRODUCT_BUNDLE_IDENTIFIER = com.afterlogic.aurorafiles.aurorafilesaction;
				PRODUCT_NAME = "$(TARGET_NAME)";
				PROVISIONING_PROFILE = "";
				SKIP_INSTALL = YES;
			};
			name = Release;
		};
		FF4C76491DA7F21800AA5576 /* Debug */ = {
			isa = XCBuildConfiguration;
			buildSettings = {
				CLANG_WARN_DOCUMENTATION_COMMENTS = YES;
				CLANG_WARN_SUSPICIOUS_MOVES = YES;
				DEVELOPMENT_TEAM = J7AW6VHJK4;
				INFOPLIST_FILE = snapshotTest/Info.plist;
				IPHONEOS_DEPLOYMENT_TARGET = 10.0;
				LD_RUNPATH_SEARCH_PATHS = "$(inherited) @executable_path/Frameworks @loader_path/Frameworks";
				PRODUCT_BUNDLE_IDENTIFIER = afterlogic.snapshotTest;
				PRODUCT_NAME = "$(TARGET_NAME)";
				SWIFT_ACTIVE_COMPILATION_CONDITIONS = DEBUG;
				SWIFT_OPTIMIZATION_LEVEL = "-Onone";
				SWIFT_VERSION = 3.0;
				TEST_TARGET_NAME = aurorafiles;
			};
			name = Debug;
		};
		FF4C764A1DA7F21800AA5576 /* Release */ = {
			isa = XCBuildConfiguration;
			buildSettings = {
				CLANG_WARN_DOCUMENTATION_COMMENTS = YES;
				CLANG_WARN_SUSPICIOUS_MOVES = YES;
				"CODE_SIGN_IDENTITY[sdk=iphoneos*]" = "iPhone Developer";
				DEVELOPMENT_TEAM = J7AW6VHJK4;
				INFOPLIST_FILE = snapshotTest/Info.plist;
				IPHONEOS_DEPLOYMENT_TARGET = 10.0;
				LD_RUNPATH_SEARCH_PATHS = "$(inherited) @executable_path/Frameworks @loader_path/Frameworks";
				PRODUCT_BUNDLE_IDENTIFIER = afterlogic.snapshotTest;
				PRODUCT_NAME = "$(TARGET_NAME)";
				SWIFT_OPTIMIZATION_LEVEL = "-Owholemodule";
				SWIFT_VERSION = 3.0;
				TEST_TARGET_NAME = aurorafiles;
			};
			name = Release;
		};
/* End XCBuildConfiguration section */

/* Begin XCConfigurationList section */
		DAC1CA2F1D061D7500238EB5 /* Build configuration list for PBXProject "aurorafiles" */ = {
			isa = XCConfigurationList;
			buildConfigurations = (
				DAC1CA621D061D7500238EB5 /* Debug */,
				DAC1CA631D061D7500238EB5 /* Release */,
			);
			defaultConfigurationIsVisible = 0;
			defaultConfigurationName = Release;
		};
		DAC1CA641D061D7500238EB5 /* Build configuration list for PBXNativeTarget "aurorafiles" */ = {
			isa = XCConfigurationList;
			buildConfigurations = (
				DAC1CA651D061D7500238EB5 /* Debug */,
				DAC1CA661D061D7500238EB5 /* Release */,
			);
			defaultConfigurationIsVisible = 0;
			defaultConfigurationName = Release;
		};
		DAC1CA671D061D7500238EB5 /* Build configuration list for PBXNativeTarget "aurorafilesTests" */ = {
			isa = XCConfigurationList;
			buildConfigurations = (
				DAC1CA681D061D7500238EB5 /* Debug */,
				DAC1CA691D061D7500238EB5 /* Release */,
			);
			defaultConfigurationIsVisible = 0;
			defaultConfigurationName = Release;
		};
		DAC1CA6A1D061D7500238EB5 /* Build configuration list for PBXNativeTarget "aurorafilesUITests" */ = {
			isa = XCConfigurationList;
			buildConfigurations = (
				DAC1CA6B1D061D7500238EB5 /* Debug */,
				DAC1CA6C1D061D7500238EB5 /* Release */,
			);
			defaultConfigurationIsVisible = 0;
			defaultConfigurationName = Release;
		};
		DAC1CADA1D06216500238EB5 /* Build configuration list for PBXNativeTarget "aurorafilesaction" */ = {
			isa = XCConfigurationList;
			buildConfigurations = (
				DAC1CADB1D06216500238EB5 /* Debug */,
				DAC1CADC1D06216500238EB5 /* Release */,
			);
			defaultConfigurationIsVisible = 0;
			defaultConfigurationName = Release;
		};
		FF4C764B1DA7F21800AA5576 /* Build configuration list for PBXNativeTarget "snapshotTest" */ = {
			isa = XCConfigurationList;
			buildConfigurations = (
				FF4C76491DA7F21800AA5576 /* Debug */,
				FF4C764A1DA7F21800AA5576 /* Release */,
			);
			defaultConfigurationIsVisible = 0;
			defaultConfigurationName = Release;
		};
/* End XCConfigurationList section */

/* Begin XCVersionGroup section */
		DAC1CA431D061D7500238EB5 /* aurorafiles.xcdatamodeld */ = {
			isa = XCVersionGroup;
			children = (
				DA3711291D21D5C00067B124 /* aurorafiles 2.xcdatamodel */,
				DAC1CA441D061D7500238EB5 /* aurorafiles.xcdatamodel */,
			);
			currentVersion = DA3711291D21D5C00067B124 /* aurorafiles 2.xcdatamodel */;
			path = aurorafiles.xcdatamodeld;
			sourceTree = "<group>";
			versionGroupType = wrapper.xcdatamodel;
		};
/* End XCVersionGroup section */
	};
	rootObject = DAC1CA2C1D061D7500238EB5 /* Project object */;
}
